
Microsoft Visual Studio Solution File, Format Version 12.00
# Visual Studio Version 17
VisualStudioVersion = 17.4.32804.182
MinimumVisualStudioVersion = 10.0.40219.1
Project("{9A19103F-16F7-4668-BE54-9A1E7A4F7556}") = "Eum.Core", "src\Eum.Core\Eum.Core.csproj", "{8EB8A912-CC90-46BB-90D7-BFCE4D8CE1EF}"
EndProject
Project("{9A19103F-16F7-4668-BE54-9A1E7A4F7556}") = "Eum.Cores.Apple", "src\Eum.Cores.Apple\Eum.Cores.Apple.csproj", "{6612FB4B-23CC-40EA-A0A6-109E35203814}"
EndProject
Project("{9A19103F-16F7-4668-BE54-9A1E7A4F7556}") = "Eum.Cores.Spotify", "src\Eum.Cores.Spotify\Eum.Cores.Spotify.csproj", "{93342366-B1A6-4876-BF4F-3FCD1DE89029}"
EndProject
Project("{9A19103F-16F7-4668-BE54-9A1E7A4F7556}") = "AppleCoreTests", "Tests\AppleCoreTests\AppleCoreTests.csproj", "{2CBB1CD8-9452-4AEA-9FD8-AF03D20E38B9}"
EndProject
Project("{2150E333-8FDC-42A3-9474-1A3956D46DE8}") = "Tests", "Tests", "{073975C2-C5BF-4637-BE4C-885904E816B6}"
EndProject
Project("{9A19103F-16F7-4668-BE54-9A1E7A4F7556}") = "Eum.Cores.Apple.MSEdge", "src\Eum.Cores.Apple.MSEdge\Eum.Cores.Apple.MSEdge.csproj", "{93BFBD1C-1AD3-4016-A2F5-D3F725E51D79}"
EndProject
Project("{9A19103F-16F7-4668-BE54-9A1E7A4F7556}") = "Eum.Cores.Apple.Contracts", "src\Eum.Cores.Apple.Contracts\Eum.Cores.Apple.Contracts.csproj", "{CEE395BF-F415-438B-A334-FEE936CEDAEB}"
EndProject
Project("{2150E333-8FDC-42A3-9474-1A3956D46DE8}") = "Apple", "Apple", "{815CA2D5-FFA3-48C6-A5F9-512858C1DD98}"
EndProject
Project("{2150E333-8FDC-42A3-9474-1A3956D46DE8}") = "Spotify", "Spotify", "{1007FF63-25C1-4565-8CE1-D5AA3CBE7DD0}"
EndProject
Project("{2150E333-8FDC-42A3-9474-1A3956D46DE8}") = "Examples", "Examples", "{C1549D49-DF0A-4912-ADBF-4895BBEEA3B3}"
EndProject
Project("{9A19103F-16F7-4668-BE54-9A1E7A4F7556}") = "DependencyInjectionExample", "Examples\DependencyInjectionExample\DependencyInjectionExample.csproj", "{5CB2AA0B-2736-4974-8AC4-9E8CC85ECF19}"
EndProject
Project("{9A19103F-16F7-4668-BE54-9A1E7A4F7556}") = "Eum.Cores.Spotify.Contracts", "src\Eum.Cores.Spotify.Contracts\Eum.Cores.Spotify.Contracts.csproj", "{05DACA52-5C18-4667-8E22-4CC1DAAD979B}"
EndProject
Project("{9A19103F-16F7-4668-BE54-9A1E7A4F7556}") = "SpotifyCoreTests", "Tests\SpotifyCoreTests\SpotifyCoreTests.csproj", "{6747B7B5-02AC-4642-9475-F3ED6EF7AAD1}"
EndProject
Project("{9A19103F-16F7-4668-BE54-9A1E7A4F7556}") = "SpotifyConsoleTest", "Examples\SpotifyConsoleTest\SpotifyConsoleTest.csproj", "{F4EA014E-7546-4BFF-82E8-2CCC36A1A88E}"
EndProject
Project("{9A19103F-16F7-4668-BE54-9A1E7A4F7556}") = "Eum.Cores.Apple.Chrome", "src\Eum.Cores.Apple.Chrome\Eum.Cores.Apple.Chrome.csproj", "{2CC7755A-3E38-412E-AF54-2C583473BA4E}"
EndProject
Project("{9A19103F-16F7-4668-BE54-9A1E7A4F7556}") = "Eum.Cores.Spotify.Playback", "src\Eum.Cores.Spotify.Playback\Eum.Cores.Spotify.Playback.csproj", "{E37F3208-51CB-48D5-8CF9-3878DDE84F3B}"
EndProject
Project("{9A19103F-16F7-4668-BE54-9A1E7A4F7556}") = "Eum.Cores.Spotify.Connect", "src\Eum.Cores.Spotify.Connect\Eum.Cores.Spotify.Connect.csproj", "{633E10B1-07F9-4898-823E-50A65D9AFBAD}"
EndProject
Project("{9A19103F-16F7-4668-BE54-9A1E7A4F7556}") = "Eum.Cores.Spotify.Shared", "src\Eum.Cores.Spotify.Shared\Eum.Cores.Spotify.Shared.csproj", "{90404B7D-DB2F-4D28-ACF9-48AC38D5E14A}"
EndProject
Project("{2150E333-8FDC-42A3-9474-1A3956D46DE8}") = "Client", "Client", "{E53C9210-15FA-4C78-8344-7D1A22DFADF9}"
EndProject
Project("{9A19103F-16F7-4668-BE54-9A1E7A4F7556}") = "Eum.Cores.Spotify.Connect.Helpers", "src\Eum.Cores.Spotify.Connect.Helpers\Eum.Cores.Spotify.Connect.Helpers.csproj", "{32F4F2AF-7CE1-4756-A1FE-A7EA07069CCF}"
EndProject
Project("{9A19103F-16F7-4668-BE54-9A1E7A4F7556}") = "Benchmarks", "Examples\Benchmarks\Benchmarks.csproj", "{C0814F16-9461-4BB7-8552-34B55ABDECBA}"
EndProject
Project("{2150E333-8FDC-42A3-9474-1A3956D46DE8}") = "UI", "UI", "{333633E9-2A22-4552-9DFA-179844D8CD21}"
EndProject
Project("{9A19103F-16F7-4668-BE54-9A1E7A4F7556}") = "Eum.Desktop", "..\Eum.Desktop\Eum.Desktop\Eum.Desktop.csproj", "{A1FD5C4C-1638-4C5C-90DB-8310692A7FEC}"
EndProject
Project("{9A19103F-16F7-4668-BE54-9A1E7A4F7556}") = "Eum.Desktop.UI.Core", "..\Eum.Desktop\Eum.Desktop.UI.Core\Eum.Desktop.UI.Core.csproj", "{A011FFAA-D7E2-4743-BBE4-4797331C22FA}"
EndProject
Project("{9A19103F-16F7-4668-BE54-9A1E7A4F7556}") = "Eum.Desktop.Core", "..\Eum.Desktop\Eum.Desktop.Core\Eum.Desktop.Core.csproj", "{CD143A85-0A45-49A4-8D09-8B52DCA9DF34}"
EndProject
Global
	GlobalSection(SolutionConfigurationPlatforms) = preSolution
		Core|Any CPU = Core|Any CPU
		Core|arm64 = Core|arm64
		Core|x64 = Core|x64
		Core|x86 = Core|x86
		Debug|Any CPU = Debug|Any CPU
		Debug|arm64 = Debug|arm64
		Debug|x64 = Debug|x64
		Debug|x86 = Debug|x86
		Release|Any CPU = Release|Any CPU
		Release|arm64 = Release|arm64
		Release|x64 = Release|x64
		Release|x86 = Release|x86
	EndGlobalSection
	GlobalSection(ProjectConfigurationPlatforms) = postSolution
		{8EB8A912-CC90-46BB-90D7-BFCE4D8CE1EF}.Core|Any CPU.ActiveCfg = Core|Any CPU
		{8EB8A912-CC90-46BB-90D7-BFCE4D8CE1EF}.Core|Any CPU.Build.0 = Core|Any CPU
		{8EB8A912-CC90-46BB-90D7-BFCE4D8CE1EF}.Core|arm64.ActiveCfg = Core|Any CPU
		{8EB8A912-CC90-46BB-90D7-BFCE4D8CE1EF}.Core|arm64.Build.0 = Core|Any CPU
		{8EB8A912-CC90-46BB-90D7-BFCE4D8CE1EF}.Core|x64.ActiveCfg = Core|Any CPU
		{8EB8A912-CC90-46BB-90D7-BFCE4D8CE1EF}.Core|x64.Build.0 = Core|Any CPU
		{8EB8A912-CC90-46BB-90D7-BFCE4D8CE1EF}.Core|x86.ActiveCfg = Core|Any CPU
		{8EB8A912-CC90-46BB-90D7-BFCE4D8CE1EF}.Core|x86.Build.0 = Core|Any CPU
		{8EB8A912-CC90-46BB-90D7-BFCE4D8CE1EF}.Debug|Any CPU.ActiveCfg = Debug|Any CPU
		{8EB8A912-CC90-46BB-90D7-BFCE4D8CE1EF}.Debug|Any CPU.Build.0 = Debug|Any CPU
		{8EB8A912-CC90-46BB-90D7-BFCE4D8CE1EF}.Debug|arm64.ActiveCfg = Debug|Any CPU
		{8EB8A912-CC90-46BB-90D7-BFCE4D8CE1EF}.Debug|arm64.Build.0 = Debug|Any CPU
		{8EB8A912-CC90-46BB-90D7-BFCE4D8CE1EF}.Debug|x64.ActiveCfg = Debug|Any CPU
		{8EB8A912-CC90-46BB-90D7-BFCE4D8CE1EF}.Debug|x64.Build.0 = Debug|Any CPU
		{8EB8A912-CC90-46BB-90D7-BFCE4D8CE1EF}.Debug|x86.ActiveCfg = Debug|Any CPU
		{8EB8A912-CC90-46BB-90D7-BFCE4D8CE1EF}.Debug|x86.Build.0 = Debug|Any CPU
		{8EB8A912-CC90-46BB-90D7-BFCE4D8CE1EF}.Release|Any CPU.ActiveCfg = Release|Any CPU
		{8EB8A912-CC90-46BB-90D7-BFCE4D8CE1EF}.Release|Any CPU.Build.0 = Release|Any CPU
		{8EB8A912-CC90-46BB-90D7-BFCE4D8CE1EF}.Release|arm64.ActiveCfg = Release|Any CPU
		{8EB8A912-CC90-46BB-90D7-BFCE4D8CE1EF}.Release|arm64.Build.0 = Release|Any CPU
		{8EB8A912-CC90-46BB-90D7-BFCE4D8CE1EF}.Release|x64.ActiveCfg = Release|Any CPU
		{8EB8A912-CC90-46BB-90D7-BFCE4D8CE1EF}.Release|x64.Build.0 = Release|Any CPU
		{8EB8A912-CC90-46BB-90D7-BFCE4D8CE1EF}.Release|x86.ActiveCfg = Release|Any CPU
		{8EB8A912-CC90-46BB-90D7-BFCE4D8CE1EF}.Release|x86.Build.0 = Release|Any CPU
		{6612FB4B-23CC-40EA-A0A6-109E35203814}.Core|Any CPU.ActiveCfg = Core|Any CPU
		{6612FB4B-23CC-40EA-A0A6-109E35203814}.Core|Any CPU.Build.0 = Core|Any CPU
		{6612FB4B-23CC-40EA-A0A6-109E35203814}.Core|arm64.ActiveCfg = Core|Any CPU
		{6612FB4B-23CC-40EA-A0A6-109E35203814}.Core|arm64.Build.0 = Core|Any CPU
		{6612FB4B-23CC-40EA-A0A6-109E35203814}.Core|x64.ActiveCfg = Core|Any CPU
		{6612FB4B-23CC-40EA-A0A6-109E35203814}.Core|x64.Build.0 = Core|Any CPU
		{6612FB4B-23CC-40EA-A0A6-109E35203814}.Core|x86.ActiveCfg = Core|Any CPU
		{6612FB4B-23CC-40EA-A0A6-109E35203814}.Core|x86.Build.0 = Core|Any CPU
		{6612FB4B-23CC-40EA-A0A6-109E35203814}.Debug|Any CPU.ActiveCfg = Debug|Any CPU
		{6612FB4B-23CC-40EA-A0A6-109E35203814}.Debug|Any CPU.Build.0 = Debug|Any CPU
		{6612FB4B-23CC-40EA-A0A6-109E35203814}.Debug|arm64.ActiveCfg = Debug|Any CPU
		{6612FB4B-23CC-40EA-A0A6-109E35203814}.Debug|arm64.Build.0 = Debug|Any CPU
		{6612FB4B-23CC-40EA-A0A6-109E35203814}.Debug|x64.ActiveCfg = Debug|Any CPU
		{6612FB4B-23CC-40EA-A0A6-109E35203814}.Debug|x64.Build.0 = Debug|Any CPU
		{6612FB4B-23CC-40EA-A0A6-109E35203814}.Debug|x86.ActiveCfg = Debug|Any CPU
		{6612FB4B-23CC-40EA-A0A6-109E35203814}.Debug|x86.Build.0 = Debug|Any CPU
		{6612FB4B-23CC-40EA-A0A6-109E35203814}.Release|Any CPU.ActiveCfg = Release|Any CPU
		{6612FB4B-23CC-40EA-A0A6-109E35203814}.Release|Any CPU.Build.0 = Release|Any CPU
		{6612FB4B-23CC-40EA-A0A6-109E35203814}.Release|arm64.ActiveCfg = Release|Any CPU
		{6612FB4B-23CC-40EA-A0A6-109E35203814}.Release|arm64.Build.0 = Release|Any CPU
		{6612FB4B-23CC-40EA-A0A6-109E35203814}.Release|x64.ActiveCfg = Release|Any CPU
		{6612FB4B-23CC-40EA-A0A6-109E35203814}.Release|x64.Build.0 = Release|Any CPU
		{6612FB4B-23CC-40EA-A0A6-109E35203814}.Release|x86.ActiveCfg = Release|Any CPU
		{6612FB4B-23CC-40EA-A0A6-109E35203814}.Release|x86.Build.0 = Release|Any CPU
		{93342366-B1A6-4876-BF4F-3FCD1DE89029}.Core|Any CPU.ActiveCfg = Core|Any CPU
		{93342366-B1A6-4876-BF4F-3FCD1DE89029}.Core|Any CPU.Build.0 = Core|Any CPU
		{93342366-B1A6-4876-BF4F-3FCD1DE89029}.Core|arm64.ActiveCfg = Core|Any CPU
		{93342366-B1A6-4876-BF4F-3FCD1DE89029}.Core|arm64.Build.0 = Core|Any CPU
		{93342366-B1A6-4876-BF4F-3FCD1DE89029}.Core|x64.ActiveCfg = Core|Any CPU
		{93342366-B1A6-4876-BF4F-3FCD1DE89029}.Core|x64.Build.0 = Core|Any CPU
		{93342366-B1A6-4876-BF4F-3FCD1DE89029}.Core|x86.ActiveCfg = Core|Any CPU
		{93342366-B1A6-4876-BF4F-3FCD1DE89029}.Core|x86.Build.0 = Core|Any CPU
		{93342366-B1A6-4876-BF4F-3FCD1DE89029}.Debug|Any CPU.ActiveCfg = Debug|Any CPU
		{93342366-B1A6-4876-BF4F-3FCD1DE89029}.Debug|Any CPU.Build.0 = Debug|Any CPU
		{93342366-B1A6-4876-BF4F-3FCD1DE89029}.Debug|arm64.ActiveCfg = Debug|Any CPU
		{93342366-B1A6-4876-BF4F-3FCD1DE89029}.Debug|arm64.Build.0 = Debug|Any CPU
		{93342366-B1A6-4876-BF4F-3FCD1DE89029}.Debug|x64.ActiveCfg = Debug|Any CPU
		{93342366-B1A6-4876-BF4F-3FCD1DE89029}.Debug|x64.Build.0 = Debug|Any CPU
		{93342366-B1A6-4876-BF4F-3FCD1DE89029}.Debug|x86.ActiveCfg = Debug|Any CPU
		{93342366-B1A6-4876-BF4F-3FCD1DE89029}.Debug|x86.Build.0 = Debug|Any CPU
		{93342366-B1A6-4876-BF4F-3FCD1DE89029}.Release|Any CPU.ActiveCfg = Release|Any CPU
		{93342366-B1A6-4876-BF4F-3FCD1DE89029}.Release|Any CPU.Build.0 = Release|Any CPU
		{93342366-B1A6-4876-BF4F-3FCD1DE89029}.Release|arm64.ActiveCfg = Release|Any CPU
		{93342366-B1A6-4876-BF4F-3FCD1DE89029}.Release|arm64.Build.0 = Release|Any CPU
		{93342366-B1A6-4876-BF4F-3FCD1DE89029}.Release|x64.ActiveCfg = Release|Any CPU
		{93342366-B1A6-4876-BF4F-3FCD1DE89029}.Release|x64.Build.0 = Release|Any CPU
		{93342366-B1A6-4876-BF4F-3FCD1DE89029}.Release|x86.ActiveCfg = Release|Any CPU
		{93342366-B1A6-4876-BF4F-3FCD1DE89029}.Release|x86.Build.0 = Release|Any CPU
		{2CBB1CD8-9452-4AEA-9FD8-AF03D20E38B9}.Core|Any CPU.ActiveCfg = Core|Any CPU
		{2CBB1CD8-9452-4AEA-9FD8-AF03D20E38B9}.Core|Any CPU.Build.0 = Core|Any CPU
		{2CBB1CD8-9452-4AEA-9FD8-AF03D20E38B9}.Core|arm64.ActiveCfg = Core|Any CPU
		{2CBB1CD8-9452-4AEA-9FD8-AF03D20E38B9}.Core|arm64.Build.0 = Core|Any CPU
		{2CBB1CD8-9452-4AEA-9FD8-AF03D20E38B9}.Core|x64.ActiveCfg = Core|Any CPU
		{2CBB1CD8-9452-4AEA-9FD8-AF03D20E38B9}.Core|x64.Build.0 = Core|Any CPU
		{2CBB1CD8-9452-4AEA-9FD8-AF03D20E38B9}.Core|x86.ActiveCfg = Core|Any CPU
		{2CBB1CD8-9452-4AEA-9FD8-AF03D20E38B9}.Core|x86.Build.0 = Core|Any CPU
		{2CBB1CD8-9452-4AEA-9FD8-AF03D20E38B9}.Debug|Any CPU.ActiveCfg = Debug|Any CPU
		{2CBB1CD8-9452-4AEA-9FD8-AF03D20E38B9}.Debug|Any CPU.Build.0 = Debug|Any CPU
		{2CBB1CD8-9452-4AEA-9FD8-AF03D20E38B9}.Debug|arm64.ActiveCfg = Debug|Any CPU
		{2CBB1CD8-9452-4AEA-9FD8-AF03D20E38B9}.Debug|arm64.Build.0 = Debug|Any CPU
		{2CBB1CD8-9452-4AEA-9FD8-AF03D20E38B9}.Debug|x64.ActiveCfg = Debug|Any CPU
		{2CBB1CD8-9452-4AEA-9FD8-AF03D20E38B9}.Debug|x64.Build.0 = Debug|Any CPU
		{2CBB1CD8-9452-4AEA-9FD8-AF03D20E38B9}.Debug|x86.ActiveCfg = Debug|Any CPU
		{2CBB1CD8-9452-4AEA-9FD8-AF03D20E38B9}.Debug|x86.Build.0 = Debug|Any CPU
		{2CBB1CD8-9452-4AEA-9FD8-AF03D20E38B9}.Release|Any CPU.ActiveCfg = Release|Any CPU
		{2CBB1CD8-9452-4AEA-9FD8-AF03D20E38B9}.Release|Any CPU.Build.0 = Release|Any CPU
		{2CBB1CD8-9452-4AEA-9FD8-AF03D20E38B9}.Release|arm64.ActiveCfg = Release|Any CPU
		{2CBB1CD8-9452-4AEA-9FD8-AF03D20E38B9}.Release|arm64.Build.0 = Release|Any CPU
		{2CBB1CD8-9452-4AEA-9FD8-AF03D20E38B9}.Release|x64.ActiveCfg = Release|Any CPU
		{2CBB1CD8-9452-4AEA-9FD8-AF03D20E38B9}.Release|x64.Build.0 = Release|Any CPU
		{2CBB1CD8-9452-4AEA-9FD8-AF03D20E38B9}.Release|x86.ActiveCfg = Release|Any CPU
		{2CBB1CD8-9452-4AEA-9FD8-AF03D20E38B9}.Release|x86.Build.0 = Release|Any CPU
		{93BFBD1C-1AD3-4016-A2F5-D3F725E51D79}.Core|Any CPU.ActiveCfg = Release|Any CPU
		{93BFBD1C-1AD3-4016-A2F5-D3F725E51D79}.Core|Any CPU.Build.0 = Release|Any CPU
		{93BFBD1C-1AD3-4016-A2F5-D3F725E51D79}.Core|arm64.ActiveCfg = Debug|Any CPU
		{93BFBD1C-1AD3-4016-A2F5-D3F725E51D79}.Core|arm64.Build.0 = Debug|Any CPU
		{93BFBD1C-1AD3-4016-A2F5-D3F725E51D79}.Core|x64.ActiveCfg = Debug|Any CPU
		{93BFBD1C-1AD3-4016-A2F5-D3F725E51D79}.Core|x64.Build.0 = Debug|Any CPU
		{93BFBD1C-1AD3-4016-A2F5-D3F725E51D79}.Core|x86.ActiveCfg = Debug|Any CPU
		{93BFBD1C-1AD3-4016-A2F5-D3F725E51D79}.Core|x86.Build.0 = Debug|Any CPU
		{93BFBD1C-1AD3-4016-A2F5-D3F725E51D79}.Debug|Any CPU.ActiveCfg = Debug|Any CPU
		{93BFBD1C-1AD3-4016-A2F5-D3F725E51D79}.Debug|Any CPU.Build.0 = Debug|Any CPU
		{93BFBD1C-1AD3-4016-A2F5-D3F725E51D79}.Debug|arm64.ActiveCfg = Debug|Any CPU
		{93BFBD1C-1AD3-4016-A2F5-D3F725E51D79}.Debug|arm64.Build.0 = Debug|Any CPU
		{93BFBD1C-1AD3-4016-A2F5-D3F725E51D79}.Debug|x64.ActiveCfg = Debug|Any CPU
		{93BFBD1C-1AD3-4016-A2F5-D3F725E51D79}.Debug|x64.Build.0 = Debug|Any CPU
		{93BFBD1C-1AD3-4016-A2F5-D3F725E51D79}.Debug|x86.ActiveCfg = Debug|Any CPU
		{93BFBD1C-1AD3-4016-A2F5-D3F725E51D79}.Debug|x86.Build.0 = Debug|Any CPU
		{93BFBD1C-1AD3-4016-A2F5-D3F725E51D79}.Release|Any CPU.ActiveCfg = Release|Any CPU
		{93BFBD1C-1AD3-4016-A2F5-D3F725E51D79}.Release|Any CPU.Build.0 = Release|Any CPU
		{93BFBD1C-1AD3-4016-A2F5-D3F725E51D79}.Release|arm64.ActiveCfg = Release|Any CPU
		{93BFBD1C-1AD3-4016-A2F5-D3F725E51D79}.Release|arm64.Build.0 = Release|Any CPU
		{93BFBD1C-1AD3-4016-A2F5-D3F725E51D79}.Release|x64.ActiveCfg = Release|Any CPU
		{93BFBD1C-1AD3-4016-A2F5-D3F725E51D79}.Release|x64.Build.0 = Release|Any CPU
		{93BFBD1C-1AD3-4016-A2F5-D3F725E51D79}.Release|x86.ActiveCfg = Release|Any CPU
		{93BFBD1C-1AD3-4016-A2F5-D3F725E51D79}.Release|x86.Build.0 = Release|Any CPU
		{CEE395BF-F415-438B-A334-FEE936CEDAEB}.Core|Any CPU.ActiveCfg = Release|Any CPU
		{CEE395BF-F415-438B-A334-FEE936CEDAEB}.Core|Any CPU.Build.0 = Release|Any CPU
		{CEE395BF-F415-438B-A334-FEE936CEDAEB}.Core|arm64.ActiveCfg = Debug|Any CPU
		{CEE395BF-F415-438B-A334-FEE936CEDAEB}.Core|arm64.Build.0 = Debug|Any CPU
		{CEE395BF-F415-438B-A334-FEE936CEDAEB}.Core|x64.ActiveCfg = Debug|Any CPU
		{CEE395BF-F415-438B-A334-FEE936CEDAEB}.Core|x64.Build.0 = Debug|Any CPU
		{CEE395BF-F415-438B-A334-FEE936CEDAEB}.Core|x86.ActiveCfg = Debug|Any CPU
		{CEE395BF-F415-438B-A334-FEE936CEDAEB}.Core|x86.Build.0 = Debug|Any CPU
		{CEE395BF-F415-438B-A334-FEE936CEDAEB}.Debug|Any CPU.ActiveCfg = Debug|Any CPU
		{CEE395BF-F415-438B-A334-FEE936CEDAEB}.Debug|Any CPU.Build.0 = Debug|Any CPU
		{CEE395BF-F415-438B-A334-FEE936CEDAEB}.Debug|arm64.ActiveCfg = Debug|Any CPU
		{CEE395BF-F415-438B-A334-FEE936CEDAEB}.Debug|arm64.Build.0 = Debug|Any CPU
		{CEE395BF-F415-438B-A334-FEE936CEDAEB}.Debug|x64.ActiveCfg = Debug|Any CPU
		{CEE395BF-F415-438B-A334-FEE936CEDAEB}.Debug|x64.Build.0 = Debug|Any CPU
		{CEE395BF-F415-438B-A334-FEE936CEDAEB}.Debug|x86.ActiveCfg = Debug|Any CPU
		{CEE395BF-F415-438B-A334-FEE936CEDAEB}.Debug|x86.Build.0 = Debug|Any CPU
		{CEE395BF-F415-438B-A334-FEE936CEDAEB}.Release|Any CPU.ActiveCfg = Release|Any CPU
		{CEE395BF-F415-438B-A334-FEE936CEDAEB}.Release|Any CPU.Build.0 = Release|Any CPU
		{CEE395BF-F415-438B-A334-FEE936CEDAEB}.Release|arm64.ActiveCfg = Release|Any CPU
		{CEE395BF-F415-438B-A334-FEE936CEDAEB}.Release|arm64.Build.0 = Release|Any CPU
		{CEE395BF-F415-438B-A334-FEE936CEDAEB}.Release|x64.ActiveCfg = Release|Any CPU
		{CEE395BF-F415-438B-A334-FEE936CEDAEB}.Release|x64.Build.0 = Release|Any CPU
		{CEE395BF-F415-438B-A334-FEE936CEDAEB}.Release|x86.ActiveCfg = Release|Any CPU
		{CEE395BF-F415-438B-A334-FEE936CEDAEB}.Release|x86.Build.0 = Release|Any CPU
		{5CB2AA0B-2736-4974-8AC4-9E8CC85ECF19}.Core|Any CPU.ActiveCfg = Debug|Any CPU
		{5CB2AA0B-2736-4974-8AC4-9E8CC85ECF19}.Core|Any CPU.Build.0 = Debug|Any CPU
		{5CB2AA0B-2736-4974-8AC4-9E8CC85ECF19}.Core|arm64.ActiveCfg = Release|Any CPU
		{5CB2AA0B-2736-4974-8AC4-9E8CC85ECF19}.Core|arm64.Build.0 = Release|Any CPU
		{5CB2AA0B-2736-4974-8AC4-9E8CC85ECF19}.Core|x64.ActiveCfg = Release|Any CPU
		{5CB2AA0B-2736-4974-8AC4-9E8CC85ECF19}.Core|x64.Build.0 = Release|Any CPU
		{5CB2AA0B-2736-4974-8AC4-9E8CC85ECF19}.Core|x86.ActiveCfg = Release|Any CPU
		{5CB2AA0B-2736-4974-8AC4-9E8CC85ECF19}.Core|x86.Build.0 = Release|Any CPU
		{5CB2AA0B-2736-4974-8AC4-9E8CC85ECF19}.Debug|Any CPU.ActiveCfg = Debug|Any CPU
		{5CB2AA0B-2736-4974-8AC4-9E8CC85ECF19}.Debug|Any CPU.Build.0 = Debug|Any CPU
		{5CB2AA0B-2736-4974-8AC4-9E8CC85ECF19}.Debug|arm64.ActiveCfg = Debug|Any CPU
		{5CB2AA0B-2736-4974-8AC4-9E8CC85ECF19}.Debug|arm64.Build.0 = Debug|Any CPU
		{5CB2AA0B-2736-4974-8AC4-9E8CC85ECF19}.Debug|x64.ActiveCfg = Debug|Any CPU
		{5CB2AA0B-2736-4974-8AC4-9E8CC85ECF19}.Debug|x64.Build.0 = Debug|Any CPU
		{5CB2AA0B-2736-4974-8AC4-9E8CC85ECF19}.Debug|x86.ActiveCfg = Debug|Any CPU
		{5CB2AA0B-2736-4974-8AC4-9E8CC85ECF19}.Debug|x86.Build.0 = Debug|Any CPU
		{5CB2AA0B-2736-4974-8AC4-9E8CC85ECF19}.Release|Any CPU.ActiveCfg = Release|Any CPU
		{5CB2AA0B-2736-4974-8AC4-9E8CC85ECF19}.Release|Any CPU.Build.0 = Release|Any CPU
		{5CB2AA0B-2736-4974-8AC4-9E8CC85ECF19}.Release|arm64.ActiveCfg = Release|Any CPU
		{5CB2AA0B-2736-4974-8AC4-9E8CC85ECF19}.Release|arm64.Build.0 = Release|Any CPU
		{5CB2AA0B-2736-4974-8AC4-9E8CC85ECF19}.Release|x64.ActiveCfg = Release|Any CPU
		{5CB2AA0B-2736-4974-8AC4-9E8CC85ECF19}.Release|x64.Build.0 = Release|Any CPU
		{5CB2AA0B-2736-4974-8AC4-9E8CC85ECF19}.Release|x86.ActiveCfg = Release|Any CPU
		{5CB2AA0B-2736-4974-8AC4-9E8CC85ECF19}.Release|x86.Build.0 = Release|Any CPU
		{05DACA52-5C18-4667-8E22-4CC1DAAD979B}.Core|Any CPU.ActiveCfg = Debug|Any CPU
		{05DACA52-5C18-4667-8E22-4CC1DAAD979B}.Core|Any CPU.Build.0 = Debug|Any CPU
		{05DACA52-5C18-4667-8E22-4CC1DAAD979B}.Core|arm64.ActiveCfg = Release|Any CPU
		{05DACA52-5C18-4667-8E22-4CC1DAAD979B}.Core|arm64.Build.0 = Release|Any CPU
		{05DACA52-5C18-4667-8E22-4CC1DAAD979B}.Core|x64.ActiveCfg = Release|Any CPU
		{05DACA52-5C18-4667-8E22-4CC1DAAD979B}.Core|x64.Build.0 = Release|Any CPU
		{05DACA52-5C18-4667-8E22-4CC1DAAD979B}.Core|x86.ActiveCfg = Release|Any CPU
		{05DACA52-5C18-4667-8E22-4CC1DAAD979B}.Core|x86.Build.0 = Release|Any CPU
		{05DACA52-5C18-4667-8E22-4CC1DAAD979B}.Debug|Any CPU.ActiveCfg = Debug|Any CPU
		{05DACA52-5C18-4667-8E22-4CC1DAAD979B}.Debug|Any CPU.Build.0 = Debug|Any CPU
		{05DACA52-5C18-4667-8E22-4CC1DAAD979B}.Debug|arm64.ActiveCfg = Debug|Any CPU
		{05DACA52-5C18-4667-8E22-4CC1DAAD979B}.Debug|arm64.Build.0 = Debug|Any CPU
		{05DACA52-5C18-4667-8E22-4CC1DAAD979B}.Debug|x64.ActiveCfg = Debug|Any CPU
		{05DACA52-5C18-4667-8E22-4CC1DAAD979B}.Debug|x64.Build.0 = Debug|Any CPU
		{05DACA52-5C18-4667-8E22-4CC1DAAD979B}.Debug|x86.ActiveCfg = Debug|Any CPU
		{05DACA52-5C18-4667-8E22-4CC1DAAD979B}.Debug|x86.Build.0 = Debug|Any CPU
		{05DACA52-5C18-4667-8E22-4CC1DAAD979B}.Release|Any CPU.ActiveCfg = Release|Any CPU
		{05DACA52-5C18-4667-8E22-4CC1DAAD979B}.Release|Any CPU.Build.0 = Release|Any CPU
		{05DACA52-5C18-4667-8E22-4CC1DAAD979B}.Release|arm64.ActiveCfg = Release|Any CPU
		{05DACA52-5C18-4667-8E22-4CC1DAAD979B}.Release|arm64.Build.0 = Release|Any CPU
		{05DACA52-5C18-4667-8E22-4CC1DAAD979B}.Release|x64.ActiveCfg = Release|Any CPU
		{05DACA52-5C18-4667-8E22-4CC1DAAD979B}.Release|x64.Build.0 = Release|Any CPU
		{05DACA52-5C18-4667-8E22-4CC1DAAD979B}.Release|x86.ActiveCfg = Release|Any CPU
		{05DACA52-5C18-4667-8E22-4CC1DAAD979B}.Release|x86.Build.0 = Release|Any CPU
		{6747B7B5-02AC-4642-9475-F3ED6EF7AAD1}.Core|Any CPU.ActiveCfg = Debug|Any CPU
		{6747B7B5-02AC-4642-9475-F3ED6EF7AAD1}.Core|Any CPU.Build.0 = Debug|Any CPU
		{6747B7B5-02AC-4642-9475-F3ED6EF7AAD1}.Core|arm64.ActiveCfg = Release|Any CPU
		{6747B7B5-02AC-4642-9475-F3ED6EF7AAD1}.Core|arm64.Build.0 = Release|Any CPU
		{6747B7B5-02AC-4642-9475-F3ED6EF7AAD1}.Core|x64.ActiveCfg = Release|Any CPU
		{6747B7B5-02AC-4642-9475-F3ED6EF7AAD1}.Core|x64.Build.0 = Release|Any CPU
		{6747B7B5-02AC-4642-9475-F3ED6EF7AAD1}.Core|x86.ActiveCfg = Release|Any CPU
		{6747B7B5-02AC-4642-9475-F3ED6EF7AAD1}.Core|x86.Build.0 = Release|Any CPU
		{6747B7B5-02AC-4642-9475-F3ED6EF7AAD1}.Debug|Any CPU.ActiveCfg = Debug|Any CPU
		{6747B7B5-02AC-4642-9475-F3ED6EF7AAD1}.Debug|Any CPU.Build.0 = Debug|Any CPU
		{6747B7B5-02AC-4642-9475-F3ED6EF7AAD1}.Debug|arm64.ActiveCfg = Debug|Any CPU
		{6747B7B5-02AC-4642-9475-F3ED6EF7AAD1}.Debug|arm64.Build.0 = Debug|Any CPU
		{6747B7B5-02AC-4642-9475-F3ED6EF7AAD1}.Debug|x64.ActiveCfg = Debug|Any CPU
		{6747B7B5-02AC-4642-9475-F3ED6EF7AAD1}.Debug|x64.Build.0 = Debug|Any CPU
		{6747B7B5-02AC-4642-9475-F3ED6EF7AAD1}.Debug|x86.ActiveCfg = Debug|Any CPU
		{6747B7B5-02AC-4642-9475-F3ED6EF7AAD1}.Debug|x86.Build.0 = Debug|Any CPU
		{6747B7B5-02AC-4642-9475-F3ED6EF7AAD1}.Release|Any CPU.ActiveCfg = Release|Any CPU
		{6747B7B5-02AC-4642-9475-F3ED6EF7AAD1}.Release|Any CPU.Build.0 = Release|Any CPU
		{6747B7B5-02AC-4642-9475-F3ED6EF7AAD1}.Release|arm64.ActiveCfg = Release|Any CPU
		{6747B7B5-02AC-4642-9475-F3ED6EF7AAD1}.Release|arm64.Build.0 = Release|Any CPU
		{6747B7B5-02AC-4642-9475-F3ED6EF7AAD1}.Release|x64.ActiveCfg = Release|Any CPU
		{6747B7B5-02AC-4642-9475-F3ED6EF7AAD1}.Release|x64.Build.0 = Release|Any CPU
		{6747B7B5-02AC-4642-9475-F3ED6EF7AAD1}.Release|x86.ActiveCfg = Release|Any CPU
		{6747B7B5-02AC-4642-9475-F3ED6EF7AAD1}.Release|x86.Build.0 = Release|Any CPU
		{F4EA014E-7546-4BFF-82E8-2CCC36A1A88E}.Core|Any CPU.ActiveCfg = Debug|Any CPU
		{F4EA014E-7546-4BFF-82E8-2CCC36A1A88E}.Core|Any CPU.Build.0 = Debug|Any CPU
		{F4EA014E-7546-4BFF-82E8-2CCC36A1A88E}.Core|arm64.ActiveCfg = Release|Any CPU
		{F4EA014E-7546-4BFF-82E8-2CCC36A1A88E}.Core|arm64.Build.0 = Release|Any CPU
		{F4EA014E-7546-4BFF-82E8-2CCC36A1A88E}.Core|x64.ActiveCfg = Release|Any CPU
		{F4EA014E-7546-4BFF-82E8-2CCC36A1A88E}.Core|x64.Build.0 = Release|Any CPU
		{F4EA014E-7546-4BFF-82E8-2CCC36A1A88E}.Core|x86.ActiveCfg = Release|Any CPU
		{F4EA014E-7546-4BFF-82E8-2CCC36A1A88E}.Core|x86.Build.0 = Release|Any CPU
		{F4EA014E-7546-4BFF-82E8-2CCC36A1A88E}.Debug|Any CPU.ActiveCfg = Debug|Any CPU
		{F4EA014E-7546-4BFF-82E8-2CCC36A1A88E}.Debug|Any CPU.Build.0 = Debug|Any CPU
		{F4EA014E-7546-4BFF-82E8-2CCC36A1A88E}.Debug|arm64.ActiveCfg = Debug|Any CPU
		{F4EA014E-7546-4BFF-82E8-2CCC36A1A88E}.Debug|arm64.Build.0 = Debug|Any CPU
		{F4EA014E-7546-4BFF-82E8-2CCC36A1A88E}.Debug|x64.ActiveCfg = Debug|Any CPU
		{F4EA014E-7546-4BFF-82E8-2CCC36A1A88E}.Debug|x64.Build.0 = Debug|Any CPU
		{F4EA014E-7546-4BFF-82E8-2CCC36A1A88E}.Debug|x86.ActiveCfg = Debug|Any CPU
		{F4EA014E-7546-4BFF-82E8-2CCC36A1A88E}.Debug|x86.Build.0 = Debug|Any CPU
		{F4EA014E-7546-4BFF-82E8-2CCC36A1A88E}.Release|Any CPU.ActiveCfg = Release|Any CPU
		{F4EA014E-7546-4BFF-82E8-2CCC36A1A88E}.Release|Any CPU.Build.0 = Release|Any CPU
		{F4EA014E-7546-4BFF-82E8-2CCC36A1A88E}.Release|arm64.ActiveCfg = Release|Any CPU
		{F4EA014E-7546-4BFF-82E8-2CCC36A1A88E}.Release|arm64.Build.0 = Release|Any CPU
		{F4EA014E-7546-4BFF-82E8-2CCC36A1A88E}.Release|x64.ActiveCfg = Release|Any CPU
		{F4EA014E-7546-4BFF-82E8-2CCC36A1A88E}.Release|x64.Build.0 = Release|Any CPU
		{F4EA014E-7546-4BFF-82E8-2CCC36A1A88E}.Release|x86.ActiveCfg = Release|Any CPU
		{F4EA014E-7546-4BFF-82E8-2CCC36A1A88E}.Release|x86.Build.0 = Release|Any CPU
		{2CC7755A-3E38-412E-AF54-2C583473BA4E}.Core|Any CPU.ActiveCfg = Debug|Any CPU
		{2CC7755A-3E38-412E-AF54-2C583473BA4E}.Core|Any CPU.Build.0 = Debug|Any CPU
		{2CC7755A-3E38-412E-AF54-2C583473BA4E}.Core|arm64.ActiveCfg = Release|Any CPU
		{2CC7755A-3E38-412E-AF54-2C583473BA4E}.Core|arm64.Build.0 = Release|Any CPU
		{2CC7755A-3E38-412E-AF54-2C583473BA4E}.Core|x64.ActiveCfg = Release|Any CPU
		{2CC7755A-3E38-412E-AF54-2C583473BA4E}.Core|x64.Build.0 = Release|Any CPU
		{2CC7755A-3E38-412E-AF54-2C583473BA4E}.Core|x86.ActiveCfg = Release|Any CPU
		{2CC7755A-3E38-412E-AF54-2C583473BA4E}.Core|x86.Build.0 = Release|Any CPU
		{2CC7755A-3E38-412E-AF54-2C583473BA4E}.Debug|Any CPU.ActiveCfg = Debug|Any CPU
		{2CC7755A-3E38-412E-AF54-2C583473BA4E}.Debug|Any CPU.Build.0 = Debug|Any CPU
		{2CC7755A-3E38-412E-AF54-2C583473BA4E}.Debug|arm64.ActiveCfg = Debug|Any CPU
		{2CC7755A-3E38-412E-AF54-2C583473BA4E}.Debug|arm64.Build.0 = Debug|Any CPU
		{2CC7755A-3E38-412E-AF54-2C583473BA4E}.Debug|x64.ActiveCfg = Debug|Any CPU
		{2CC7755A-3E38-412E-AF54-2C583473BA4E}.Debug|x64.Build.0 = Debug|Any CPU
		{2CC7755A-3E38-412E-AF54-2C583473BA4E}.Debug|x86.ActiveCfg = Debug|Any CPU
		{2CC7755A-3E38-412E-AF54-2C583473BA4E}.Debug|x86.Build.0 = Debug|Any CPU
		{2CC7755A-3E38-412E-AF54-2C583473BA4E}.Release|Any CPU.ActiveCfg = Release|Any CPU
		{2CC7755A-3E38-412E-AF54-2C583473BA4E}.Release|Any CPU.Build.0 = Release|Any CPU
		{2CC7755A-3E38-412E-AF54-2C583473BA4E}.Release|arm64.ActiveCfg = Release|Any CPU
		{2CC7755A-3E38-412E-AF54-2C583473BA4E}.Release|arm64.Build.0 = Release|Any CPU
		{2CC7755A-3E38-412E-AF54-2C583473BA4E}.Release|x64.ActiveCfg = Release|Any CPU
		{2CC7755A-3E38-412E-AF54-2C583473BA4E}.Release|x64.Build.0 = Release|Any CPU
		{2CC7755A-3E38-412E-AF54-2C583473BA4E}.Release|x86.ActiveCfg = Release|Any CPU
		{2CC7755A-3E38-412E-AF54-2C583473BA4E}.Release|x86.Build.0 = Release|Any CPU
		{E37F3208-51CB-48D5-8CF9-3878DDE84F3B}.Core|Any CPU.ActiveCfg = Debug|Any CPU
		{E37F3208-51CB-48D5-8CF9-3878DDE84F3B}.Core|Any CPU.Build.0 = Debug|Any CPU
		{E37F3208-51CB-48D5-8CF9-3878DDE84F3B}.Core|arm64.ActiveCfg = Release|Any CPU
		{E37F3208-51CB-48D5-8CF9-3878DDE84F3B}.Core|arm64.Build.0 = Release|Any CPU
		{E37F3208-51CB-48D5-8CF9-3878DDE84F3B}.Core|x64.ActiveCfg = Release|Any CPU
		{E37F3208-51CB-48D5-8CF9-3878DDE84F3B}.Core|x64.Build.0 = Release|Any CPU
		{E37F3208-51CB-48D5-8CF9-3878DDE84F3B}.Core|x86.ActiveCfg = Release|Any CPU
		{E37F3208-51CB-48D5-8CF9-3878DDE84F3B}.Core|x86.Build.0 = Release|Any CPU
		{E37F3208-51CB-48D5-8CF9-3878DDE84F3B}.Debug|Any CPU.ActiveCfg = Debug|Any CPU
		{E37F3208-51CB-48D5-8CF9-3878DDE84F3B}.Debug|Any CPU.Build.0 = Debug|Any CPU
		{E37F3208-51CB-48D5-8CF9-3878DDE84F3B}.Debug|arm64.ActiveCfg = Debug|Any CPU
		{E37F3208-51CB-48D5-8CF9-3878DDE84F3B}.Debug|arm64.Build.0 = Debug|Any CPU
		{E37F3208-51CB-48D5-8CF9-3878DDE84F3B}.Debug|x64.ActiveCfg = Debug|Any CPU
		{E37F3208-51CB-48D5-8CF9-3878DDE84F3B}.Debug|x64.Build.0 = Debug|Any CPU
		{E37F3208-51CB-48D5-8CF9-3878DDE84F3B}.Debug|x86.ActiveCfg = Debug|Any CPU
		{E37F3208-51CB-48D5-8CF9-3878DDE84F3B}.Debug|x86.Build.0 = Debug|Any CPU
		{E37F3208-51CB-48D5-8CF9-3878DDE84F3B}.Release|Any CPU.ActiveCfg = Release|Any CPU
		{E37F3208-51CB-48D5-8CF9-3878DDE84F3B}.Release|Any CPU.Build.0 = Release|Any CPU
		{E37F3208-51CB-48D5-8CF9-3878DDE84F3B}.Release|arm64.ActiveCfg = Release|Any CPU
		{E37F3208-51CB-48D5-8CF9-3878DDE84F3B}.Release|arm64.Build.0 = Release|Any CPU
		{E37F3208-51CB-48D5-8CF9-3878DDE84F3B}.Release|x64.ActiveCfg = Release|Any CPU
		{E37F3208-51CB-48D5-8CF9-3878DDE84F3B}.Release|x64.Build.0 = Release|Any CPU
		{E37F3208-51CB-48D5-8CF9-3878DDE84F3B}.Release|x86.ActiveCfg = Release|Any CPU
		{E37F3208-51CB-48D5-8CF9-3878DDE84F3B}.Release|x86.Build.0 = Release|Any CPU
		{633E10B1-07F9-4898-823E-50A65D9AFBAD}.Core|Any CPU.ActiveCfg = Debug|Any CPU
		{633E10B1-07F9-4898-823E-50A65D9AFBAD}.Core|Any CPU.Build.0 = Debug|Any CPU
		{633E10B1-07F9-4898-823E-50A65D9AFBAD}.Core|arm64.ActiveCfg = Release|Any CPU
		{633E10B1-07F9-4898-823E-50A65D9AFBAD}.Core|arm64.Build.0 = Release|Any CPU
		{633E10B1-07F9-4898-823E-50A65D9AFBAD}.Core|x64.ActiveCfg = Release|Any CPU
		{633E10B1-07F9-4898-823E-50A65D9AFBAD}.Core|x64.Build.0 = Release|Any CPU
		{633E10B1-07F9-4898-823E-50A65D9AFBAD}.Core|x86.ActiveCfg = Release|Any CPU
		{633E10B1-07F9-4898-823E-50A65D9AFBAD}.Core|x86.Build.0 = Release|Any CPU
		{633E10B1-07F9-4898-823E-50A65D9AFBAD}.Debug|Any CPU.ActiveCfg = Debug|Any CPU
		{633E10B1-07F9-4898-823E-50A65D9AFBAD}.Debug|Any CPU.Build.0 = Debug|Any CPU
		{633E10B1-07F9-4898-823E-50A65D9AFBAD}.Debug|arm64.ActiveCfg = Debug|Any CPU
		{633E10B1-07F9-4898-823E-50A65D9AFBAD}.Debug|arm64.Build.0 = Debug|Any CPU
		{633E10B1-07F9-4898-823E-50A65D9AFBAD}.Debug|x64.ActiveCfg = Debug|Any CPU
		{633E10B1-07F9-4898-823E-50A65D9AFBAD}.Debug|x64.Build.0 = Debug|Any CPU
		{633E10B1-07F9-4898-823E-50A65D9AFBAD}.Debug|x86.ActiveCfg = Debug|Any CPU
		{633E10B1-07F9-4898-823E-50A65D9AFBAD}.Debug|x86.Build.0 = Debug|Any CPU
		{633E10B1-07F9-4898-823E-50A65D9AFBAD}.Release|Any CPU.ActiveCfg = Release|Any CPU
		{633E10B1-07F9-4898-823E-50A65D9AFBAD}.Release|Any CPU.Build.0 = Release|Any CPU
		{633E10B1-07F9-4898-823E-50A65D9AFBAD}.Release|arm64.ActiveCfg = Release|Any CPU
		{633E10B1-07F9-4898-823E-50A65D9AFBAD}.Release|arm64.Build.0 = Release|Any CPU
		{633E10B1-07F9-4898-823E-50A65D9AFBAD}.Release|x64.ActiveCfg = Release|Any CPU
		{633E10B1-07F9-4898-823E-50A65D9AFBAD}.Release|x64.Build.0 = Release|Any CPU
		{633E10B1-07F9-4898-823E-50A65D9AFBAD}.Release|x86.ActiveCfg = Release|Any CPU
		{633E10B1-07F9-4898-823E-50A65D9AFBAD}.Release|x86.Build.0 = Release|Any CPU
		{90404B7D-DB2F-4D28-ACF9-48AC38D5E14A}.Core|Any CPU.ActiveCfg = Debug|Any CPU
		{90404B7D-DB2F-4D28-ACF9-48AC38D5E14A}.Core|Any CPU.Build.0 = Debug|Any CPU
		{90404B7D-DB2F-4D28-ACF9-48AC38D5E14A}.Core|arm64.ActiveCfg = Release|Any CPU
		{90404B7D-DB2F-4D28-ACF9-48AC38D5E14A}.Core|arm64.Build.0 = Release|Any CPU
		{90404B7D-DB2F-4D28-ACF9-48AC38D5E14A}.Core|x64.ActiveCfg = Release|Any CPU
		{90404B7D-DB2F-4D28-ACF9-48AC38D5E14A}.Core|x64.Build.0 = Release|Any CPU
		{90404B7D-DB2F-4D28-ACF9-48AC38D5E14A}.Core|x86.ActiveCfg = Release|Any CPU
		{90404B7D-DB2F-4D28-ACF9-48AC38D5E14A}.Core|x86.Build.0 = Release|Any CPU
		{90404B7D-DB2F-4D28-ACF9-48AC38D5E14A}.Debug|Any CPU.ActiveCfg = Debug|Any CPU
		{90404B7D-DB2F-4D28-ACF9-48AC38D5E14A}.Debug|Any CPU.Build.0 = Debug|Any CPU
		{90404B7D-DB2F-4D28-ACF9-48AC38D5E14A}.Debug|arm64.ActiveCfg = Debug|Any CPU
		{90404B7D-DB2F-4D28-ACF9-48AC38D5E14A}.Debug|arm64.Build.0 = Debug|Any CPU
		{90404B7D-DB2F-4D28-ACF9-48AC38D5E14A}.Debug|x64.ActiveCfg = Debug|Any CPU
		{90404B7D-DB2F-4D28-ACF9-48AC38D5E14A}.Debug|x64.Build.0 = Debug|Any CPU
		{90404B7D-DB2F-4D28-ACF9-48AC38D5E14A}.Debug|x86.ActiveCfg = Debug|Any CPU
		{90404B7D-DB2F-4D28-ACF9-48AC38D5E14A}.Debug|x86.Build.0 = Debug|Any CPU
		{90404B7D-DB2F-4D28-ACF9-48AC38D5E14A}.Release|Any CPU.ActiveCfg = Release|Any CPU
		{90404B7D-DB2F-4D28-ACF9-48AC38D5E14A}.Release|Any CPU.Build.0 = Release|Any CPU
		{90404B7D-DB2F-4D28-ACF9-48AC38D5E14A}.Release|arm64.ActiveCfg = Release|Any CPU
		{90404B7D-DB2F-4D28-ACF9-48AC38D5E14A}.Release|arm64.Build.0 = Release|Any CPU
		{90404B7D-DB2F-4D28-ACF9-48AC38D5E14A}.Release|x64.ActiveCfg = Release|Any CPU
		{90404B7D-DB2F-4D28-ACF9-48AC38D5E14A}.Release|x64.Build.0 = Release|Any CPU
		{90404B7D-DB2F-4D28-ACF9-48AC38D5E14A}.Release|x86.ActiveCfg = Release|Any CPU
		{90404B7D-DB2F-4D28-ACF9-48AC38D5E14A}.Release|x86.Build.0 = Release|Any CPU
		{32F4F2AF-7CE1-4756-A1FE-A7EA07069CCF}.Core|Any CPU.ActiveCfg = Debug|Any CPU
		{32F4F2AF-7CE1-4756-A1FE-A7EA07069CCF}.Core|Any CPU.Build.0 = Debug|Any CPU
		{32F4F2AF-7CE1-4756-A1FE-A7EA07069CCF}.Core|arm64.ActiveCfg = Release|Any CPU
		{32F4F2AF-7CE1-4756-A1FE-A7EA07069CCF}.Core|arm64.Build.0 = Release|Any CPU
		{32F4F2AF-7CE1-4756-A1FE-A7EA07069CCF}.Core|x64.ActiveCfg = Release|Any CPU
		{32F4F2AF-7CE1-4756-A1FE-A7EA07069CCF}.Core|x64.Build.0 = Release|Any CPU
		{32F4F2AF-7CE1-4756-A1FE-A7EA07069CCF}.Core|x86.ActiveCfg = Release|Any CPU
		{32F4F2AF-7CE1-4756-A1FE-A7EA07069CCF}.Core|x86.Build.0 = Release|Any CPU
		{32F4F2AF-7CE1-4756-A1FE-A7EA07069CCF}.Debug|Any CPU.ActiveCfg = Debug|Any CPU
		{32F4F2AF-7CE1-4756-A1FE-A7EA07069CCF}.Debug|Any CPU.Build.0 = Debug|Any CPU
		{32F4F2AF-7CE1-4756-A1FE-A7EA07069CCF}.Debug|arm64.ActiveCfg = Debug|Any CPU
		{32F4F2AF-7CE1-4756-A1FE-A7EA07069CCF}.Debug|arm64.Build.0 = Debug|Any CPU
		{32F4F2AF-7CE1-4756-A1FE-A7EA07069CCF}.Debug|x64.ActiveCfg = Debug|Any CPU
		{32F4F2AF-7CE1-4756-A1FE-A7EA07069CCF}.Debug|x64.Build.0 = Debug|Any CPU
		{32F4F2AF-7CE1-4756-A1FE-A7EA07069CCF}.Debug|x86.ActiveCfg = Debug|Any CPU
		{32F4F2AF-7CE1-4756-A1FE-A7EA07069CCF}.Debug|x86.Build.0 = Debug|Any CPU
		{32F4F2AF-7CE1-4756-A1FE-A7EA07069CCF}.Release|Any CPU.ActiveCfg = Release|Any CPU
		{32F4F2AF-7CE1-4756-A1FE-A7EA07069CCF}.Release|Any CPU.Build.0 = Release|Any CPU
		{32F4F2AF-7CE1-4756-A1FE-A7EA07069CCF}.Release|arm64.ActiveCfg = Release|Any CPU
		{32F4F2AF-7CE1-4756-A1FE-A7EA07069CCF}.Release|arm64.Build.0 = Release|Any CPU
		{32F4F2AF-7CE1-4756-A1FE-A7EA07069CCF}.Release|x64.ActiveCfg = Release|Any CPU
		{32F4F2AF-7CE1-4756-A1FE-A7EA07069CCF}.Release|x64.Build.0 = Release|Any CPU
		{32F4F2AF-7CE1-4756-A1FE-A7EA07069CCF}.Release|x86.ActiveCfg = Release|Any CPU
		{32F4F2AF-7CE1-4756-A1FE-A7EA07069CCF}.Release|x86.Build.0 = Release|Any CPU
		{C0814F16-9461-4BB7-8552-34B55ABDECBA}.Core|Any CPU.ActiveCfg = Debug|Any CPU
		{C0814F16-9461-4BB7-8552-34B55ABDECBA}.Core|Any CPU.Build.0 = Debug|Any CPU
		{C0814F16-9461-4BB7-8552-34B55ABDECBA}.Core|arm64.ActiveCfg = Release|Any CPU
		{C0814F16-9461-4BB7-8552-34B55ABDECBA}.Core|arm64.Build.0 = Release|Any CPU
		{C0814F16-9461-4BB7-8552-34B55ABDECBA}.Core|x64.ActiveCfg = Release|Any CPU
		{C0814F16-9461-4BB7-8552-34B55ABDECBA}.Core|x64.Build.0 = Release|Any CPU
		{C0814F16-9461-4BB7-8552-34B55ABDECBA}.Core|x86.ActiveCfg = Release|Any CPU
		{C0814F16-9461-4BB7-8552-34B55ABDECBA}.Core|x86.Build.0 = Release|Any CPU
		{C0814F16-9461-4BB7-8552-34B55ABDECBA}.Debug|Any CPU.ActiveCfg = Debug|Any CPU
		{C0814F16-9461-4BB7-8552-34B55ABDECBA}.Debug|Any CPU.Build.0 = Debug|Any CPU
		{C0814F16-9461-4BB7-8552-34B55ABDECBA}.Debug|arm64.ActiveCfg = Debug|Any CPU
		{C0814F16-9461-4BB7-8552-34B55ABDECBA}.Debug|arm64.Build.0 = Debug|Any CPU
		{C0814F16-9461-4BB7-8552-34B55ABDECBA}.Debug|x64.ActiveCfg = Debug|Any CPU
		{C0814F16-9461-4BB7-8552-34B55ABDECBA}.Debug|x64.Build.0 = Debug|Any CPU
		{C0814F16-9461-4BB7-8552-34B55ABDECBA}.Debug|x86.ActiveCfg = Debug|Any CPU
		{C0814F16-9461-4BB7-8552-34B55ABDECBA}.Debug|x86.Build.0 = Debug|Any CPU
		{C0814F16-9461-4BB7-8552-34B55ABDECBA}.Release|Any CPU.ActiveCfg = Release|Any CPU
		{C0814F16-9461-4BB7-8552-34B55ABDECBA}.Release|Any CPU.Build.0 = Release|Any CPU
		{C0814F16-9461-4BB7-8552-34B55ABDECBA}.Release|arm64.ActiveCfg = Release|Any CPU
		{C0814F16-9461-4BB7-8552-34B55ABDECBA}.Release|arm64.Build.0 = Release|Any CPU
		{C0814F16-9461-4BB7-8552-34B55ABDECBA}.Release|x64.ActiveCfg = Release|Any CPU
		{C0814F16-9461-4BB7-8552-34B55ABDECBA}.Release|x64.Build.0 = Release|Any CPU
		{C0814F16-9461-4BB7-8552-34B55ABDECBA}.Release|x86.ActiveCfg = Release|Any CPU
		{C0814F16-9461-4BB7-8552-34B55ABDECBA}.Release|x86.Build.0 = Release|Any CPU
		{A1FD5C4C-1638-4C5C-90DB-8310692A7FEC}.Core|Any CPU.ActiveCfg = Debug|x64
		{A1FD5C4C-1638-4C5C-90DB-8310692A7FEC}.Core|Any CPU.Build.0 = Debug|x64
		{A1FD5C4C-1638-4C5C-90DB-8310692A7FEC}.Core|Any CPU.Deploy.0 = Debug|x64
		{A1FD5C4C-1638-4C5C-90DB-8310692A7FEC}.Core|arm64.ActiveCfg = Debug|arm64
		{A1FD5C4C-1638-4C5C-90DB-8310692A7FEC}.Core|arm64.Build.0 = Debug|arm64
		{A1FD5C4C-1638-4C5C-90DB-8310692A7FEC}.Core|arm64.Deploy.0 = Debug|arm64
		{A1FD5C4C-1638-4C5C-90DB-8310692A7FEC}.Core|x64.ActiveCfg = Debug|x64
		{A1FD5C4C-1638-4C5C-90DB-8310692A7FEC}.Core|x64.Build.0 = Debug|x64
		{A1FD5C4C-1638-4C5C-90DB-8310692A7FEC}.Core|x64.Deploy.0 = Debug|x64
		{A1FD5C4C-1638-4C5C-90DB-8310692A7FEC}.Core|x86.ActiveCfg = Debug|x86
		{A1FD5C4C-1638-4C5C-90DB-8310692A7FEC}.Core|x86.Build.0 = Debug|x86
		{A1FD5C4C-1638-4C5C-90DB-8310692A7FEC}.Core|x86.Deploy.0 = Debug|x86
		{A1FD5C4C-1638-4C5C-90DB-8310692A7FEC}.Debug|Any CPU.ActiveCfg = Debug|x64
		{A1FD5C4C-1638-4C5C-90DB-8310692A7FEC}.Debug|Any CPU.Build.0 = Debug|x64
		{A1FD5C4C-1638-4C5C-90DB-8310692A7FEC}.Debug|Any CPU.Deploy.0 = Debug|x64
		{A1FD5C4C-1638-4C5C-90DB-8310692A7FEC}.Debug|arm64.ActiveCfg = Debug|arm64
		{A1FD5C4C-1638-4C5C-90DB-8310692A7FEC}.Debug|arm64.Build.0 = Debug|arm64
		{A1FD5C4C-1638-4C5C-90DB-8310692A7FEC}.Debug|arm64.Deploy.0 = Debug|arm64
		{A1FD5C4C-1638-4C5C-90DB-8310692A7FEC}.Debug|x64.ActiveCfg = Debug|x64
		{A1FD5C4C-1638-4C5C-90DB-8310692A7FEC}.Debug|x64.Build.0 = Debug|x64
		{A1FD5C4C-1638-4C5C-90DB-8310692A7FEC}.Debug|x64.Deploy.0 = Debug|x64
		{A1FD5C4C-1638-4C5C-90DB-8310692A7FEC}.Debug|x86.ActiveCfg = Debug|x86
		{A1FD5C4C-1638-4C5C-90DB-8310692A7FEC}.Debug|x86.Build.0 = Debug|x86
		{A1FD5C4C-1638-4C5C-90DB-8310692A7FEC}.Debug|x86.Deploy.0 = Debug|x86
		{A1FD5C4C-1638-4C5C-90DB-8310692A7FEC}.Release|Any CPU.ActiveCfg = Release|x64
		{A1FD5C4C-1638-4C5C-90DB-8310692A7FEC}.Release|Any CPU.Build.0 = Release|x64
		{A1FD5C4C-1638-4C5C-90DB-8310692A7FEC}.Release|Any CPU.Deploy.0 = Release|x64
		{A1FD5C4C-1638-4C5C-90DB-8310692A7FEC}.Release|arm64.ActiveCfg = Release|arm64
		{A1FD5C4C-1638-4C5C-90DB-8310692A7FEC}.Release|arm64.Build.0 = Release|arm64
		{A1FD5C4C-1638-4C5C-90DB-8310692A7FEC}.Release|arm64.Deploy.0 = Release|arm64
		{A1FD5C4C-1638-4C5C-90DB-8310692A7FEC}.Release|x64.ActiveCfg = Release|x64
		{A1FD5C4C-1638-4C5C-90DB-8310692A7FEC}.Release|x64.Build.0 = Release|x64
		{A1FD5C4C-1638-4C5C-90DB-8310692A7FEC}.Release|x64.Deploy.0 = Release|x64
		{A1FD5C4C-1638-4C5C-90DB-8310692A7FEC}.Release|x86.ActiveCfg = Release|x86
		{A1FD5C4C-1638-4C5C-90DB-8310692A7FEC}.Release|x86.Build.0 = Release|x86
		{A1FD5C4C-1638-4C5C-90DB-8310692A7FEC}.Release|x86.Deploy.0 = Release|x86
		{A011FFAA-D7E2-4743-BBE4-4797331C22FA}.Core|Any CPU.ActiveCfg = Debug|Any CPU
		{A011FFAA-D7E2-4743-BBE4-4797331C22FA}.Core|Any CPU.Build.0 = Debug|Any CPU
		{A011FFAA-D7E2-4743-BBE4-4797331C22FA}.Core|arm64.ActiveCfg = Debug|Any CPU
		{A011FFAA-D7E2-4743-BBE4-4797331C22FA}.Core|arm64.Build.0 = Debug|Any CPU
		{A011FFAA-D7E2-4743-BBE4-4797331C22FA}.Core|x64.ActiveCfg = Debug|Any CPU
		{A011FFAA-D7E2-4743-BBE4-4797331C22FA}.Core|x64.Build.0 = Debug|Any CPU
		{A011FFAA-D7E2-4743-BBE4-4797331C22FA}.Core|x86.ActiveCfg = Debug|Any CPU
		{A011FFAA-D7E2-4743-BBE4-4797331C22FA}.Core|x86.Build.0 = Debug|Any CPU
		{A011FFAA-D7E2-4743-BBE4-4797331C22FA}.Debug|Any CPU.ActiveCfg = Debug|Any CPU
		{A011FFAA-D7E2-4743-BBE4-4797331C22FA}.Debug|Any CPU.Build.0 = Debug|Any CPU
		{A011FFAA-D7E2-4743-BBE4-4797331C22FA}.Debug|arm64.ActiveCfg = Debug|Any CPU
		{A011FFAA-D7E2-4743-BBE4-4797331C22FA}.Debug|arm64.Build.0 = Debug|Any CPU
		{A011FFAA-D7E2-4743-BBE4-4797331C22FA}.Debug|x64.ActiveCfg = Debug|Any CPU
		{A011FFAA-D7E2-4743-BBE4-4797331C22FA}.Debug|x64.Build.0 = Debug|Any CPU
		{A011FFAA-D7E2-4743-BBE4-4797331C22FA}.Debug|x86.ActiveCfg = Debug|Any CPU
		{A011FFAA-D7E2-4743-BBE4-4797331C22FA}.Debug|x86.Build.0 = Debug|Any CPU
		{A011FFAA-D7E2-4743-BBE4-4797331C22FA}.Release|Any CPU.ActiveCfg = Release|Any CPU
		{A011FFAA-D7E2-4743-BBE4-4797331C22FA}.Release|Any CPU.Build.0 = Release|Any CPU
		{A011FFAA-D7E2-4743-BBE4-4797331C22FA}.Release|arm64.ActiveCfg = Release|Any CPU
		{A011FFAA-D7E2-4743-BBE4-4797331C22FA}.Release|arm64.Build.0 = Release|Any CPU
		{A011FFAA-D7E2-4743-BBE4-4797331C22FA}.Release|x64.ActiveCfg = Release|Any CPU
		{A011FFAA-D7E2-4743-BBE4-4797331C22FA}.Release|x64.Build.0 = Release|Any CPU
		{A011FFAA-D7E2-4743-BBE4-4797331C22FA}.Release|x86.ActiveCfg = Release|Any CPU
		{A011FFAA-D7E2-4743-BBE4-4797331C22FA}.Release|x86.Build.0 = Release|Any CPU
		{CD143A85-0A45-49A4-8D09-8B52DCA9DF34}.Core|Any CPU.ActiveCfg = Debug|Any CPU
		{CD143A85-0A45-49A4-8D09-8B52DCA9DF34}.Core|Any CPU.Build.0 = Debug|Any CPU
		{CD143A85-0A45-49A4-8D09-8B52DCA9DF34}.Core|arm64.ActiveCfg = Debug|arm64
		{CD143A85-0A45-49A4-8D09-8B52DCA9DF34}.Core|arm64.Build.0 = Debug|arm64
		{CD143A85-0A45-49A4-8D09-8B52DCA9DF34}.Core|x64.ActiveCfg = Debug|x64
		{CD143A85-0A45-49A4-8D09-8B52DCA9DF34}.Core|x64.Build.0 = Debug|x64
		{CD143A85-0A45-49A4-8D09-8B52DCA9DF34}.Core|x86.ActiveCfg = Debug|x86
		{CD143A85-0A45-49A4-8D09-8B52DCA9DF34}.Core|x86.Build.0 = Debug|x86
		{CD143A85-0A45-49A4-8D09-8B52DCA9DF34}.Debug|Any CPU.ActiveCfg = Debug|Any CPU
		{CD143A85-0A45-49A4-8D09-8B52DCA9DF34}.Debug|Any CPU.Build.0 = Debug|Any CPU
		{CD143A85-0A45-49A4-8D09-8B52DCA9DF34}.Debug|arm64.ActiveCfg = Debug|arm64
		{CD143A85-0A45-49A4-8D09-8B52DCA9DF34}.Debug|arm64.Build.0 = Debug|arm64
		{CD143A85-0A45-49A4-8D09-8B52DCA9DF34}.Debug|x64.ActiveCfg = Debug|x64
		{CD143A85-0A45-49A4-8D09-8B52DCA9DF34}.Debug|x64.Build.0 = Debug|x64
		{CD143A85-0A45-49A4-8D09-8B52DCA9DF34}.Debug|x86.ActiveCfg = Debug|x86
		{CD143A85-0A45-49A4-8D09-8B52DCA9DF34}.Debug|x86.Build.0 = Debug|x86
		{CD143A85-0A45-49A4-8D09-8B52DCA9DF34}.Release|Any CPU.ActiveCfg = Release|Any CPU
		{CD143A85-0A45-49A4-8D09-8B52DCA9DF34}.Release|Any CPU.Build.0 = Release|Any CPU
		{CD143A85-0A45-49A4-8D09-8B52DCA9DF34}.Release|arm64.ActiveCfg = Release|arm64
		{CD143A85-0A45-49A4-8D09-8B52DCA9DF34}.Release|arm64.Build.0 = Release|arm64
		{CD143A85-0A45-49A4-8D09-8B52DCA9DF34}.Release|x64.ActiveCfg = Release|x64
		{CD143A85-0A45-49A4-8D09-8B52DCA9DF34}.Release|x64.Build.0 = Release|x64
		{CD143A85-0A45-49A4-8D09-8B52DCA9DF34}.Release|x86.ActiveCfg = Release|x86
		{CD143A85-0A45-49A4-8D09-8B52DCA9DF34}.Release|x86.Build.0 = Release|x86
	EndGlobalSection
	GlobalSection(SolutionProperties) = preSolution
		HideSolutionNode = FALSE
	EndGlobalSection
	GlobalSection(NestedProjects) = preSolution
		{6612FB4B-23CC-40EA-A0A6-109E35203814} = {815CA2D5-FFA3-48C6-A5F9-512858C1DD98}
		{93342366-B1A6-4876-BF4F-3FCD1DE89029} = {E53C9210-15FA-4C78-8344-7D1A22DFADF9}
		{2CBB1CD8-9452-4AEA-9FD8-AF03D20E38B9} = {073975C2-C5BF-4637-BE4C-885904E816B6}
		{93BFBD1C-1AD3-4016-A2F5-D3F725E51D79} = {815CA2D5-FFA3-48C6-A5F9-512858C1DD98}
		{CEE395BF-F415-438B-A334-FEE936CEDAEB} = {815CA2D5-FFA3-48C6-A5F9-512858C1DD98}
		{5CB2AA0B-2736-4974-8AC4-9E8CC85ECF19} = {C1549D49-DF0A-4912-ADBF-4895BBEEA3B3}
		{05DACA52-5C18-4667-8E22-4CC1DAAD979B} = {1007FF63-25C1-4565-8CE1-D5AA3CBE7DD0}
		{6747B7B5-02AC-4642-9475-F3ED6EF7AAD1} = {073975C2-C5BF-4637-BE4C-885904E816B6}
		{F4EA014E-7546-4BFF-82E8-2CCC36A1A88E} = {C1549D49-DF0A-4912-ADBF-4895BBEEA3B3}
		{2CC7755A-3E38-412E-AF54-2C583473BA4E} = {815CA2D5-FFA3-48C6-A5F9-512858C1DD98}
		{E37F3208-51CB-48D5-8CF9-3878DDE84F3B} = {E53C9210-15FA-4C78-8344-7D1A22DFADF9}
		{633E10B1-07F9-4898-823E-50A65D9AFBAD} = {E53C9210-15FA-4C78-8344-7D1A22DFADF9}
		{90404B7D-DB2F-4D28-ACF9-48AC38D5E14A} = {1007FF63-25C1-4565-8CE1-D5AA3CBE7DD0}
		{E53C9210-15FA-4C78-8344-7D1A22DFADF9} = {1007FF63-25C1-4565-8CE1-D5AA3CBE7DD0}
		{32F4F2AF-7CE1-4756-A1FE-A7EA07069CCF} = {E53C9210-15FA-4C78-8344-7D1A22DFADF9}
		{C0814F16-9461-4BB7-8552-34B55ABDECBA} = {C1549D49-DF0A-4912-ADBF-4895BBEEA3B3}
		{A1FD5C4C-1638-4C5C-90DB-8310692A7FEC} = {333633E9-2A22-4552-9DFA-179844D8CD21}
		{A011FFAA-D7E2-4743-BBE4-4797331C22FA} = {333633E9-2A22-4552-9DFA-179844D8CD21}
		{CD143A85-0A45-49A4-8D09-8B52DCA9DF34} = {333633E9-2A22-4552-9DFA-179844D8CD21}
	EndGlobalSection
	GlobalSection(ExtensibilityGlobals) = postSolution
		SolutionGuid = {EF6861F9-21E1-4D20-8853-54E340A27DB3}
	EndGlobalSection
EndGlobal
