
Microsoft Visual Studio Solution File, Format Version 12.00
# Visual Studio Version 17
VisualStudioVersion = 17.5.33103.201
MinimumVisualStudioVersion = 10.0.40219.1
Project("{9A19103F-16F7-4668-BE54-9A1E7A4F7556}") = "Eum", "Eum.csproj", "{C4AE1521-6A28-46C7-A034-3703D0F6E687}"
EndProject
Project("{9A19103F-16F7-4668-BE54-9A1E7A4F7556}") = "Eum.Connections.Spotify", "..\Eum.Connections.Spotify\Eum.Connections.Spotify.csproj", "{6BFADD0E-107F-4CFA-8CC6-14FA8D3C4432}"
EndProject
Project("{9A19103F-16F7-4668-BE54-9A1E7A4F7556}") = "Eum.Protobufs", "..\Eum.Protobufs\Eum.Protobufs.csproj", "{62F5BE50-09F1-4767-9E28-9CEFB967B187}"
EndProject
Project("{2150E333-8FDC-42A3-9474-1A3956D46DE8}") = "Shared", "Shared", "{72BCD34B-41A2-4966-865A-D60FDF3E42F9}"
EndProject
Project("{9A19103F-16F7-4668-BE54-9A1E7A4F7556}") = "SpotifyTcp", "..\SpotifyTcp\SpotifyTcp.csproj", "{A4AE215F-B6A9-42E6-A7BC-9E140A99202A}"
EndProject
Project("{9A19103F-16F7-4668-BE54-9A1E7A4F7556}") = "Eum.Spotify.ConsoleTest", "..\..\samples\Eum.Spotify.ConsoleTest\Eum.Spotify.ConsoleTest.csproj", "{F1FA10B1-A4F1-42E2-A9D5-530FF8869339}"
EndProject
Project("{9A19103F-16F7-4668-BE54-9A1E7A4F7556}") = "Eum.Connections.Spotify.Playback", "..\Eum.Connections.Spotify.Playback\Eum.Connections.Spotify.Playback.csproj", "{68987A3A-465E-4035-855B-49FD07431B85}"
EndProject
Project("{9A19103F-16F7-4668-BE54-9A1E7A4F7556}") = "csogg", "..\Decoders\csogg\csogg.csproj", "{F0D0EEB9-928B-48B9-9AA7-550FB8B6260C}"
EndProject
Project("{9A19103F-16F7-4668-BE54-9A1E7A4F7556}") = "csvorbis", "..\Decoders\csvorbis\csvorbis.csproj", "{EFBA4427-1311-4B63-A286-FAB2574D2D18}"
EndProject
Project("{9A19103F-16F7-4668-BE54-9A1E7A4F7556}") = "Eum.Connections.Spotify.NAudio", "..\Eum.Connections.Spotify.NAudio\Eum.Connections.Spotify.NAudio.csproj", "{D68C509F-3B27-4909-B0EF-82EB274E0037}"
EndProject
Project("{9A19103F-16F7-4668-BE54-9A1E7A4F7556}") = "Eum.Connections.Spotify.VLC", "..\Eum.Connections.Spotify.VLC\Eum.Connections.Spotify.VLC.csproj", "{44CD05F0-12EB-4934-8038-484B15D80283}"
EndProject
Project("{9A19103F-16F7-4668-BE54-9A1E7A4F7556}") = "Eum.UI.WinUI", "..\..\..\WinuiTest3\src\Eum.UI.WinUI\Eum.UI.WinUI.csproj", "{1A9F18CD-EEA3-4363-87BA-523B7D67F8F1}"
EndProject
Project("{9A19103F-16F7-4668-BE54-9A1E7A4F7556}") = "Eum.UI.Generators", "..\..\..\WinuiTest3\src\Eum.UI.Generators\Eum.UI.Generators.csproj", "{22EB440A-96A4-41D5-90AC-A5CD9D09CB7A}"
EndProject
Project("{9A19103F-16F7-4668-BE54-9A1E7A4F7556}") = "Eum.UI", "..\..\..\WinuiTest3\src\Eum.UI.Desktop\Eum.UI.csproj", "{5D2E1729-8E9E-41E2-B8EF-02E500AEEB3E}"
EndProject
Project("{2150E333-8FDC-42A3-9474-1A3956D46DE8}") = "UI", "UI", "{C153A50E-4138-467A-AD58-A53D89C14A5B}"
EndProject
Project("{2150E333-8FDC-42A3-9474-1A3956D46DE8}") = "Ogg", "Ogg", "{9F335A32-7065-4F6E-ADB8-250A52F0E7E7}"
EndProject
Project("{2150E333-8FDC-42A3-9474-1A3956D46DE8}") = "Spotify", "Spotify", "{1850820E-4D10-477A-8997-62952495008A}"
EndProject
Project("{FAE04EC0-301F-11D3-BF4B-00C04F79EFBC}") = "Eum.UI.Spotify", "..\..\ui\Eum.UI.Spotify\Eum.UI.Spotify.csproj", "{539E2176-3B37-4EB9-8D2B-245B3C0EC3A2}"
EndProject
Global
	GlobalSection(SolutionConfigurationPlatforms) = preSolution
		Debug|Any CPU = Debug|Any CPU
		Debug|arm64 = Debug|arm64
		Debug|x64 = Debug|x64
		Debug|x86 = Debug|x86
		Release|Any CPU = Release|Any CPU
		Release|arm64 = Release|arm64
		Release|x64 = Release|x64
		Release|x86 = Release|x86
	EndGlobalSection
	GlobalSection(ProjectConfigurationPlatforms) = postSolution
		{C4AE1521-6A28-46C7-A034-3703D0F6E687}.Debug|Any CPU.ActiveCfg = Debug|Any CPU
		{C4AE1521-6A28-46C7-A034-3703D0F6E687}.Debug|Any CPU.Build.0 = Debug|Any CPU
		{C4AE1521-6A28-46C7-A034-3703D0F6E687}.Debug|arm64.ActiveCfg = Debug|Any CPU
		{C4AE1521-6A28-46C7-A034-3703D0F6E687}.Debug|arm64.Build.0 = Debug|Any CPU
		{C4AE1521-6A28-46C7-A034-3703D0F6E687}.Debug|x64.ActiveCfg = Debug|Any CPU
		{C4AE1521-6A28-46C7-A034-3703D0F6E687}.Debug|x64.Build.0 = Debug|Any CPU
		{C4AE1521-6A28-46C7-A034-3703D0F6E687}.Debug|x86.ActiveCfg = Debug|Any CPU
		{C4AE1521-6A28-46C7-A034-3703D0F6E687}.Debug|x86.Build.0 = Debug|Any CPU
		{C4AE1521-6A28-46C7-A034-3703D0F6E687}.Release|Any CPU.ActiveCfg = Release|Any CPU
		{C4AE1521-6A28-46C7-A034-3703D0F6E687}.Release|Any CPU.Build.0 = Release|Any CPU
		{C4AE1521-6A28-46C7-A034-3703D0F6E687}.Release|arm64.ActiveCfg = Release|Any CPU
		{C4AE1521-6A28-46C7-A034-3703D0F6E687}.Release|arm64.Build.0 = Release|Any CPU
		{C4AE1521-6A28-46C7-A034-3703D0F6E687}.Release|x64.ActiveCfg = Release|Any CPU
		{C4AE1521-6A28-46C7-A034-3703D0F6E687}.Release|x64.Build.0 = Release|Any CPU
		{C4AE1521-6A28-46C7-A034-3703D0F6E687}.Release|x86.ActiveCfg = Release|Any CPU
		{C4AE1521-6A28-46C7-A034-3703D0F6E687}.Release|x86.Build.0 = Release|Any CPU
		{6BFADD0E-107F-4CFA-8CC6-14FA8D3C4432}.Debug|Any CPU.ActiveCfg = Debug|Any CPU
		{6BFADD0E-107F-4CFA-8CC6-14FA8D3C4432}.Debug|Any CPU.Build.0 = Debug|Any CPU
		{6BFADD0E-107F-4CFA-8CC6-14FA8D3C4432}.Debug|arm64.ActiveCfg = Debug|Any CPU
		{6BFADD0E-107F-4CFA-8CC6-14FA8D3C4432}.Debug|arm64.Build.0 = Debug|Any CPU
		{6BFADD0E-107F-4CFA-8CC6-14FA8D3C4432}.Debug|x64.ActiveCfg = Debug|Any CPU
		{6BFADD0E-107F-4CFA-8CC6-14FA8D3C4432}.Debug|x64.Build.0 = Debug|Any CPU
		{6BFADD0E-107F-4CFA-8CC6-14FA8D3C4432}.Debug|x86.ActiveCfg = Debug|Any CPU
		{6BFADD0E-107F-4CFA-8CC6-14FA8D3C4432}.Debug|x86.Build.0 = Debug|Any CPU
		{6BFADD0E-107F-4CFA-8CC6-14FA8D3C4432}.Release|Any CPU.ActiveCfg = Release|Any CPU
		{6BFADD0E-107F-4CFA-8CC6-14FA8D3C4432}.Release|Any CPU.Build.0 = Release|Any CPU
		{6BFADD0E-107F-4CFA-8CC6-14FA8D3C4432}.Release|arm64.ActiveCfg = Release|Any CPU
		{6BFADD0E-107F-4CFA-8CC6-14FA8D3C4432}.Release|arm64.Build.0 = Release|Any CPU
		{6BFADD0E-107F-4CFA-8CC6-14FA8D3C4432}.Release|x64.ActiveCfg = Release|Any CPU
		{6BFADD0E-107F-4CFA-8CC6-14FA8D3C4432}.Release|x64.Build.0 = Release|Any CPU
		{6BFADD0E-107F-4CFA-8CC6-14FA8D3C4432}.Release|x86.ActiveCfg = Release|Any CPU
		{6BFADD0E-107F-4CFA-8CC6-14FA8D3C4432}.Release|x86.Build.0 = Release|Any CPU
		{62F5BE50-09F1-4767-9E28-9CEFB967B187}.Debug|Any CPU.ActiveCfg = Debug|Any CPU
		{62F5BE50-09F1-4767-9E28-9CEFB967B187}.Debug|Any CPU.Build.0 = Debug|Any CPU
		{62F5BE50-09F1-4767-9E28-9CEFB967B187}.Debug|arm64.ActiveCfg = Debug|Any CPU
		{62F5BE50-09F1-4767-9E28-9CEFB967B187}.Debug|arm64.Build.0 = Debug|Any CPU
		{62F5BE50-09F1-4767-9E28-9CEFB967B187}.Debug|x64.ActiveCfg = Debug|Any CPU
		{62F5BE50-09F1-4767-9E28-9CEFB967B187}.Debug|x64.Build.0 = Debug|Any CPU
		{62F5BE50-09F1-4767-9E28-9CEFB967B187}.Debug|x86.ActiveCfg = Debug|Any CPU
		{62F5BE50-09F1-4767-9E28-9CEFB967B187}.Debug|x86.Build.0 = Debug|Any CPU
		{62F5BE50-09F1-4767-9E28-9CEFB967B187}.Release|Any CPU.ActiveCfg = Release|Any CPU
		{62F5BE50-09F1-4767-9E28-9CEFB967B187}.Release|Any CPU.Build.0 = Release|Any CPU
		{62F5BE50-09F1-4767-9E28-9CEFB967B187}.Release|arm64.ActiveCfg = Release|Any CPU
		{62F5BE50-09F1-4767-9E28-9CEFB967B187}.Release|arm64.Build.0 = Release|Any CPU
		{62F5BE50-09F1-4767-9E28-9CEFB967B187}.Release|x64.ActiveCfg = Release|Any CPU
		{62F5BE50-09F1-4767-9E28-9CEFB967B187}.Release|x64.Build.0 = Release|Any CPU
		{62F5BE50-09F1-4767-9E28-9CEFB967B187}.Release|x86.ActiveCfg = Release|Any CPU
		{62F5BE50-09F1-4767-9E28-9CEFB967B187}.Release|x86.Build.0 = Release|Any CPU
		{A4AE215F-B6A9-42E6-A7BC-9E140A99202A}.Debug|Any CPU.ActiveCfg = Debug|Any CPU
		{A4AE215F-B6A9-42E6-A7BC-9E140A99202A}.Debug|Any CPU.Build.0 = Debug|Any CPU
		{A4AE215F-B6A9-42E6-A7BC-9E140A99202A}.Debug|arm64.ActiveCfg = Debug|Any CPU
		{A4AE215F-B6A9-42E6-A7BC-9E140A99202A}.Debug|arm64.Build.0 = Debug|Any CPU
		{A4AE215F-B6A9-42E6-A7BC-9E140A99202A}.Debug|x64.ActiveCfg = Debug|Any CPU
		{A4AE215F-B6A9-42E6-A7BC-9E140A99202A}.Debug|x64.Build.0 = Debug|Any CPU
		{A4AE215F-B6A9-42E6-A7BC-9E140A99202A}.Debug|x86.ActiveCfg = Debug|Any CPU
		{A4AE215F-B6A9-42E6-A7BC-9E140A99202A}.Debug|x86.Build.0 = Debug|Any CPU
		{A4AE215F-B6A9-42E6-A7BC-9E140A99202A}.Release|Any CPU.ActiveCfg = Release|Any CPU
		{A4AE215F-B6A9-42E6-A7BC-9E140A99202A}.Release|Any CPU.Build.0 = Release|Any CPU
		{A4AE215F-B6A9-42E6-A7BC-9E140A99202A}.Release|arm64.ActiveCfg = Release|Any CPU
		{A4AE215F-B6A9-42E6-A7BC-9E140A99202A}.Release|arm64.Build.0 = Release|Any CPU
		{A4AE215F-B6A9-42E6-A7BC-9E140A99202A}.Release|x64.ActiveCfg = Release|Any CPU
		{A4AE215F-B6A9-42E6-A7BC-9E140A99202A}.Release|x64.Build.0 = Release|Any CPU
		{A4AE215F-B6A9-42E6-A7BC-9E140A99202A}.Release|x86.ActiveCfg = Release|Any CPU
		{A4AE215F-B6A9-42E6-A7BC-9E140A99202A}.Release|x86.Build.0 = Release|Any CPU
		{F1FA10B1-A4F1-42E2-A9D5-530FF8869339}.Debug|Any CPU.ActiveCfg = Debug|Any CPU
		{F1FA10B1-A4F1-42E2-A9D5-530FF8869339}.Debug|Any CPU.Build.0 = Debug|Any CPU
		{F1FA10B1-A4F1-42E2-A9D5-530FF8869339}.Debug|arm64.ActiveCfg = Debug|Any CPU
		{F1FA10B1-A4F1-42E2-A9D5-530FF8869339}.Debug|arm64.Build.0 = Debug|Any CPU
		{F1FA10B1-A4F1-42E2-A9D5-530FF8869339}.Debug|x64.ActiveCfg = Debug|Any CPU
		{F1FA10B1-A4F1-42E2-A9D5-530FF8869339}.Debug|x64.Build.0 = Debug|Any CPU
		{F1FA10B1-A4F1-42E2-A9D5-530FF8869339}.Debug|x86.ActiveCfg = Debug|Any CPU
		{F1FA10B1-A4F1-42E2-A9D5-530FF8869339}.Debug|x86.Build.0 = Debug|Any CPU
		{F1FA10B1-A4F1-42E2-A9D5-530FF8869339}.Release|Any CPU.ActiveCfg = Release|Any CPU
		{F1FA10B1-A4F1-42E2-A9D5-530FF8869339}.Release|Any CPU.Build.0 = Release|Any CPU
		{F1FA10B1-A4F1-42E2-A9D5-530FF8869339}.Release|arm64.ActiveCfg = Release|Any CPU
		{F1FA10B1-A4F1-42E2-A9D5-530FF8869339}.Release|arm64.Build.0 = Release|Any CPU
		{F1FA10B1-A4F1-42E2-A9D5-530FF8869339}.Release|x64.ActiveCfg = Release|Any CPU
		{F1FA10B1-A4F1-42E2-A9D5-530FF8869339}.Release|x64.Build.0 = Release|Any CPU
		{F1FA10B1-A4F1-42E2-A9D5-530FF8869339}.Release|x86.ActiveCfg = Release|Any CPU
		{F1FA10B1-A4F1-42E2-A9D5-530FF8869339}.Release|x86.Build.0 = Release|Any CPU
		{68987A3A-465E-4035-855B-49FD07431B85}.Debug|Any CPU.ActiveCfg = Debug|Any CPU
		{68987A3A-465E-4035-855B-49FD07431B85}.Debug|Any CPU.Build.0 = Debug|Any CPU
		{68987A3A-465E-4035-855B-49FD07431B85}.Debug|arm64.ActiveCfg = Debug|Any CPU
		{68987A3A-465E-4035-855B-49FD07431B85}.Debug|arm64.Build.0 = Debug|Any CPU
		{68987A3A-465E-4035-855B-49FD07431B85}.Debug|x64.ActiveCfg = Debug|Any CPU
		{68987A3A-465E-4035-855B-49FD07431B85}.Debug|x64.Build.0 = Debug|Any CPU
		{68987A3A-465E-4035-855B-49FD07431B85}.Debug|x86.ActiveCfg = Debug|Any CPU
		{68987A3A-465E-4035-855B-49FD07431B85}.Debug|x86.Build.0 = Debug|Any CPU
		{68987A3A-465E-4035-855B-49FD07431B85}.Release|Any CPU.ActiveCfg = Release|Any CPU
		{68987A3A-465E-4035-855B-49FD07431B85}.Release|Any CPU.Build.0 = Release|Any CPU
		{68987A3A-465E-4035-855B-49FD07431B85}.Release|arm64.ActiveCfg = Release|Any CPU
		{68987A3A-465E-4035-855B-49FD07431B85}.Release|arm64.Build.0 = Release|Any CPU
		{68987A3A-465E-4035-855B-49FD07431B85}.Release|x64.ActiveCfg = Release|Any CPU
		{68987A3A-465E-4035-855B-49FD07431B85}.Release|x64.Build.0 = Release|Any CPU
		{68987A3A-465E-4035-855B-49FD07431B85}.Release|x86.ActiveCfg = Release|Any CPU
		{68987A3A-465E-4035-855B-49FD07431B85}.Release|x86.Build.0 = Release|Any CPU
		{F0D0EEB9-928B-48B9-9AA7-550FB8B6260C}.Debug|Any CPU.ActiveCfg = Debug|Any CPU
		{F0D0EEB9-928B-48B9-9AA7-550FB8B6260C}.Debug|Any CPU.Build.0 = Debug|Any CPU
		{F0D0EEB9-928B-48B9-9AA7-550FB8B6260C}.Debug|arm64.ActiveCfg = Debug|Any CPU
		{F0D0EEB9-928B-48B9-9AA7-550FB8B6260C}.Debug|arm64.Build.0 = Debug|Any CPU
		{F0D0EEB9-928B-48B9-9AA7-550FB8B6260C}.Debug|x64.ActiveCfg = Debug|Any CPU
		{F0D0EEB9-928B-48B9-9AA7-550FB8B6260C}.Debug|x64.Build.0 = Debug|Any CPU
		{F0D0EEB9-928B-48B9-9AA7-550FB8B6260C}.Debug|x86.ActiveCfg = Debug|Any CPU
		{F0D0EEB9-928B-48B9-9AA7-550FB8B6260C}.Debug|x86.Build.0 = Debug|Any CPU
		{F0D0EEB9-928B-48B9-9AA7-550FB8B6260C}.Release|Any CPU.ActiveCfg = Release|Any CPU
		{F0D0EEB9-928B-48B9-9AA7-550FB8B6260C}.Release|Any CPU.Build.0 = Release|Any CPU
		{F0D0EEB9-928B-48B9-9AA7-550FB8B6260C}.Release|arm64.ActiveCfg = Release|Any CPU
		{F0D0EEB9-928B-48B9-9AA7-550FB8B6260C}.Release|arm64.Build.0 = Release|Any CPU
		{F0D0EEB9-928B-48B9-9AA7-550FB8B6260C}.Release|x64.ActiveCfg = Release|Any CPU
		{F0D0EEB9-928B-48B9-9AA7-550FB8B6260C}.Release|x64.Build.0 = Release|Any CPU
		{F0D0EEB9-928B-48B9-9AA7-550FB8B6260C}.Release|x86.ActiveCfg = Release|Any CPU
		{F0D0EEB9-928B-48B9-9AA7-550FB8B6260C}.Release|x86.Build.0 = Release|Any CPU
		{EFBA4427-1311-4B63-A286-FAB2574D2D18}.Debug|Any CPU.ActiveCfg = Debug|Any CPU
		{EFBA4427-1311-4B63-A286-FAB2574D2D18}.Debug|Any CPU.Build.0 = Debug|Any CPU
		{EFBA4427-1311-4B63-A286-FAB2574D2D18}.Debug|arm64.ActiveCfg = Debug|Any CPU
		{EFBA4427-1311-4B63-A286-FAB2574D2D18}.Debug|arm64.Build.0 = Debug|Any CPU
		{EFBA4427-1311-4B63-A286-FAB2574D2D18}.Debug|x64.ActiveCfg = Debug|Any CPU
		{EFBA4427-1311-4B63-A286-FAB2574D2D18}.Debug|x64.Build.0 = Debug|Any CPU
		{EFBA4427-1311-4B63-A286-FAB2574D2D18}.Debug|x86.ActiveCfg = Debug|Any CPU
		{EFBA4427-1311-4B63-A286-FAB2574D2D18}.Debug|x86.Build.0 = Debug|Any CPU
		{EFBA4427-1311-4B63-A286-FAB2574D2D18}.Release|Any CPU.ActiveCfg = Release|Any CPU
		{EFBA4427-1311-4B63-A286-FAB2574D2D18}.Release|Any CPU.Build.0 = Release|Any CPU
		{EFBA4427-1311-4B63-A286-FAB2574D2D18}.Release|arm64.ActiveCfg = Release|Any CPU
		{EFBA4427-1311-4B63-A286-FAB2574D2D18}.Release|arm64.Build.0 = Release|Any CPU
		{EFBA4427-1311-4B63-A286-FAB2574D2D18}.Release|x64.ActiveCfg = Release|Any CPU
		{EFBA4427-1311-4B63-A286-FAB2574D2D18}.Release|x64.Build.0 = Release|Any CPU
		{EFBA4427-1311-4B63-A286-FAB2574D2D18}.Release|x86.ActiveCfg = Release|Any CPU
		{EFBA4427-1311-4B63-A286-FAB2574D2D18}.Release|x86.Build.0 = Release|Any CPU
		{D68C509F-3B27-4909-B0EF-82EB274E0037}.Debug|Any CPU.ActiveCfg = Debug|Any CPU
		{D68C509F-3B27-4909-B0EF-82EB274E0037}.Debug|Any CPU.Build.0 = Debug|Any CPU
		{D68C509F-3B27-4909-B0EF-82EB274E0037}.Debug|arm64.ActiveCfg = Debug|Any CPU
		{D68C509F-3B27-4909-B0EF-82EB274E0037}.Debug|arm64.Build.0 = Debug|Any CPU
		{D68C509F-3B27-4909-B0EF-82EB274E0037}.Debug|x64.ActiveCfg = Debug|Any CPU
		{D68C509F-3B27-4909-B0EF-82EB274E0037}.Debug|x64.Build.0 = Debug|Any CPU
		{D68C509F-3B27-4909-B0EF-82EB274E0037}.Debug|x86.ActiveCfg = Debug|Any CPU
		{D68C509F-3B27-4909-B0EF-82EB274E0037}.Debug|x86.Build.0 = Debug|Any CPU
		{D68C509F-3B27-4909-B0EF-82EB274E0037}.Release|Any CPU.ActiveCfg = Release|Any CPU
		{D68C509F-3B27-4909-B0EF-82EB274E0037}.Release|Any CPU.Build.0 = Release|Any CPU
		{D68C509F-3B27-4909-B0EF-82EB274E0037}.Release|arm64.ActiveCfg = Release|Any CPU
		{D68C509F-3B27-4909-B0EF-82EB274E0037}.Release|arm64.Build.0 = Release|Any CPU
		{D68C509F-3B27-4909-B0EF-82EB274E0037}.Release|x64.ActiveCfg = Release|Any CPU
		{D68C509F-3B27-4909-B0EF-82EB274E0037}.Release|x64.Build.0 = Release|Any CPU
		{D68C509F-3B27-4909-B0EF-82EB274E0037}.Release|x86.ActiveCfg = Release|Any CPU
		{D68C509F-3B27-4909-B0EF-82EB274E0037}.Release|x86.Build.0 = Release|Any CPU
		{44CD05F0-12EB-4934-8038-484B15D80283}.Debug|Any CPU.ActiveCfg = Debug|Any CPU
		{44CD05F0-12EB-4934-8038-484B15D80283}.Debug|Any CPU.Build.0 = Debug|Any CPU
		{44CD05F0-12EB-4934-8038-484B15D80283}.Debug|arm64.ActiveCfg = Debug|Any CPU
		{44CD05F0-12EB-4934-8038-484B15D80283}.Debug|arm64.Build.0 = Debug|Any CPU
		{44CD05F0-12EB-4934-8038-484B15D80283}.Debug|x64.ActiveCfg = Debug|Any CPU
		{44CD05F0-12EB-4934-8038-484B15D80283}.Debug|x64.Build.0 = Debug|Any CPU
		{44CD05F0-12EB-4934-8038-484B15D80283}.Debug|x86.ActiveCfg = Debug|Any CPU
		{44CD05F0-12EB-4934-8038-484B15D80283}.Debug|x86.Build.0 = Debug|Any CPU
		{44CD05F0-12EB-4934-8038-484B15D80283}.Release|Any CPU.ActiveCfg = Release|Any CPU
		{44CD05F0-12EB-4934-8038-484B15D80283}.Release|Any CPU.Build.0 = Release|Any CPU
		{44CD05F0-12EB-4934-8038-484B15D80283}.Release|arm64.ActiveCfg = Release|Any CPU
		{44CD05F0-12EB-4934-8038-484B15D80283}.Release|arm64.Build.0 = Release|Any CPU
		{44CD05F0-12EB-4934-8038-484B15D80283}.Release|x64.ActiveCfg = Release|Any CPU
		{44CD05F0-12EB-4934-8038-484B15D80283}.Release|x64.Build.0 = Release|Any CPU
		{44CD05F0-12EB-4934-8038-484B15D80283}.Release|x86.ActiveCfg = Release|Any CPU
		{44CD05F0-12EB-4934-8038-484B15D80283}.Release|x86.Build.0 = Release|Any CPU
		{1A9F18CD-EEA3-4363-87BA-523B7D67F8F1}.Debug|Any CPU.ActiveCfg = Debug|x64
		{1A9F18CD-EEA3-4363-87BA-523B7D67F8F1}.Debug|Any CPU.Build.0 = Debug|x64
		{1A9F18CD-EEA3-4363-87BA-523B7D67F8F1}.Debug|Any CPU.Deploy.0 = Debug|x64
		{1A9F18CD-EEA3-4363-87BA-523B7D67F8F1}.Debug|arm64.ActiveCfg = Debug|arm64
		{1A9F18CD-EEA3-4363-87BA-523B7D67F8F1}.Debug|arm64.Build.0 = Debug|arm64
		{1A9F18CD-EEA3-4363-87BA-523B7D67F8F1}.Debug|arm64.Deploy.0 = Debug|arm64
		{1A9F18CD-EEA3-4363-87BA-523B7D67F8F1}.Debug|x64.ActiveCfg = Debug|x64
		{1A9F18CD-EEA3-4363-87BA-523B7D67F8F1}.Debug|x64.Build.0 = Debug|x64
		{1A9F18CD-EEA3-4363-87BA-523B7D67F8F1}.Debug|x64.Deploy.0 = Debug|x64
		{1A9F18CD-EEA3-4363-87BA-523B7D67F8F1}.Debug|x86.ActiveCfg = Debug|x86
		{1A9F18CD-EEA3-4363-87BA-523B7D67F8F1}.Debug|x86.Build.0 = Debug|x86
		{1A9F18CD-EEA3-4363-87BA-523B7D67F8F1}.Debug|x86.Deploy.0 = Debug|x86
		{1A9F18CD-EEA3-4363-87BA-523B7D67F8F1}.Release|Any CPU.ActiveCfg = Release|x64
		{1A9F18CD-EEA3-4363-87BA-523B7D67F8F1}.Release|Any CPU.Build.0 = Release|x64
		{1A9F18CD-EEA3-4363-87BA-523B7D67F8F1}.Release|Any CPU.Deploy.0 = Release|x64
		{1A9F18CD-EEA3-4363-87BA-523B7D67F8F1}.Release|arm64.ActiveCfg = Release|arm64
		{1A9F18CD-EEA3-4363-87BA-523B7D67F8F1}.Release|arm64.Build.0 = Release|arm64
		{1A9F18CD-EEA3-4363-87BA-523B7D67F8F1}.Release|arm64.Deploy.0 = Release|arm64
		{1A9F18CD-EEA3-4363-87BA-523B7D67F8F1}.Release|x64.ActiveCfg = Release|x64
		{1A9F18CD-EEA3-4363-87BA-523B7D67F8F1}.Release|x64.Build.0 = Release|x64
		{1A9F18CD-EEA3-4363-87BA-523B7D67F8F1}.Release|x64.Deploy.0 = Release|x64
		{1A9F18CD-EEA3-4363-87BA-523B7D67F8F1}.Release|x86.ActiveCfg = Release|x86
		{1A9F18CD-EEA3-4363-87BA-523B7D67F8F1}.Release|x86.Build.0 = Release|x86
		{1A9F18CD-EEA3-4363-87BA-523B7D67F8F1}.Release|x86.Deploy.0 = Release|x86
		{22EB440A-96A4-41D5-90AC-A5CD9D09CB7A}.Debug|Any CPU.ActiveCfg = Debug|Any CPU
		{22EB440A-96A4-41D5-90AC-A5CD9D09CB7A}.Debug|Any CPU.Build.0 = Debug|Any CPU
		{22EB440A-96A4-41D5-90AC-A5CD9D09CB7A}.Debug|arm64.ActiveCfg = Debug|Any CPU
		{22EB440A-96A4-41D5-90AC-A5CD9D09CB7A}.Debug|arm64.Build.0 = Debug|Any CPU
		{22EB440A-96A4-41D5-90AC-A5CD9D09CB7A}.Debug|x64.ActiveCfg = Debug|Any CPU
		{22EB440A-96A4-41D5-90AC-A5CD9D09CB7A}.Debug|x64.Build.0 = Debug|Any CPU
		{22EB440A-96A4-41D5-90AC-A5CD9D09CB7A}.Debug|x86.ActiveCfg = Debug|Any CPU
		{22EB440A-96A4-41D5-90AC-A5CD9D09CB7A}.Debug|x86.Build.0 = Debug|Any CPU
		{22EB440A-96A4-41D5-90AC-A5CD9D09CB7A}.Release|Any CPU.ActiveCfg = Release|Any CPU
		{22EB440A-96A4-41D5-90AC-A5CD9D09CB7A}.Release|Any CPU.Build.0 = Release|Any CPU
		{22EB440A-96A4-41D5-90AC-A5CD9D09CB7A}.Release|arm64.ActiveCfg = Release|Any CPU
		{22EB440A-96A4-41D5-90AC-A5CD9D09CB7A}.Release|arm64.Build.0 = Release|Any CPU
		{22EB440A-96A4-41D5-90AC-A5CD9D09CB7A}.Release|x64.ActiveCfg = Release|Any CPU
		{22EB440A-96A4-41D5-90AC-A5CD9D09CB7A}.Release|x64.Build.0 = Release|Any CPU
		{22EB440A-96A4-41D5-90AC-A5CD9D09CB7A}.Release|x86.ActiveCfg = Release|Any CPU
		{22EB440A-96A4-41D5-90AC-A5CD9D09CB7A}.Release|x86.Build.0 = Release|Any CPU
		{5D2E1729-8E9E-41E2-B8EF-02E500AEEB3E}.Debug|Any CPU.ActiveCfg = Debug|Any CPU
		{5D2E1729-8E9E-41E2-B8EF-02E500AEEB3E}.Debug|Any CPU.Build.0 = Debug|Any CPU
		{5D2E1729-8E9E-41E2-B8EF-02E500AEEB3E}.Debug|arm64.ActiveCfg = Debug|Any CPU
		{5D2E1729-8E9E-41E2-B8EF-02E500AEEB3E}.Debug|arm64.Build.0 = Debug|Any CPU
		{5D2E1729-8E9E-41E2-B8EF-02E500AEEB3E}.Debug|x64.ActiveCfg = Debug|Any CPU
		{5D2E1729-8E9E-41E2-B8EF-02E500AEEB3E}.Debug|x64.Build.0 = Debug|Any CPU
		{5D2E1729-8E9E-41E2-B8EF-02E500AEEB3E}.Debug|x86.ActiveCfg = Debug|Any CPU
		{5D2E1729-8E9E-41E2-B8EF-02E500AEEB3E}.Debug|x86.Build.0 = Debug|Any CPU
		{5D2E1729-8E9E-41E2-B8EF-02E500AEEB3E}.Release|Any CPU.ActiveCfg = Release|Any CPU
		{5D2E1729-8E9E-41E2-B8EF-02E500AEEB3E}.Release|Any CPU.Build.0 = Release|Any CPU
		{5D2E1729-8E9E-41E2-B8EF-02E500AEEB3E}.Release|arm64.ActiveCfg = Release|Any CPU
		{5D2E1729-8E9E-41E2-B8EF-02E500AEEB3E}.Release|arm64.Build.0 = Release|Any CPU
		{5D2E1729-8E9E-41E2-B8EF-02E500AEEB3E}.Release|x64.ActiveCfg = Release|Any CPU
		{5D2E1729-8E9E-41E2-B8EF-02E500AEEB3E}.Release|x64.Build.0 = Release|Any CPU
		{5D2E1729-8E9E-41E2-B8EF-02E500AEEB3E}.Release|x86.ActiveCfg = Release|Any CPU
		{5D2E1729-8E9E-41E2-B8EF-02E500AEEB3E}.Release|x86.Build.0 = Release|Any CPU
		{539E2176-3B37-4EB9-8D2B-245B3C0EC3A2}.Debug|Any CPU.ActiveCfg = Debug|Any CPU
		{539E2176-3B37-4EB9-8D2B-245B3C0EC3A2}.Debug|Any CPU.Build.0 = Debug|Any CPU
		{539E2176-3B37-4EB9-8D2B-245B3C0EC3A2}.Debug|arm64.ActiveCfg = Debug|Any CPU
		{539E2176-3B37-4EB9-8D2B-245B3C0EC3A2}.Debug|arm64.Build.0 = Debug|Any CPU
		{539E2176-3B37-4EB9-8D2B-245B3C0EC3A2}.Debug|x64.ActiveCfg = Debug|Any CPU
		{539E2176-3B37-4EB9-8D2B-245B3C0EC3A2}.Debug|x64.Build.0 = Debug|Any CPU
		{539E2176-3B37-4EB9-8D2B-245B3C0EC3A2}.Debug|x86.ActiveCfg = Debug|Any CPU
		{539E2176-3B37-4EB9-8D2B-245B3C0EC3A2}.Debug|x86.Build.0 = Debug|Any CPU
		{539E2176-3B37-4EB9-8D2B-245B3C0EC3A2}.Release|Any CPU.ActiveCfg = Release|Any CPU
		{539E2176-3B37-4EB9-8D2B-245B3C0EC3A2}.Release|Any CPU.Build.0 = Release|Any CPU
		{539E2176-3B37-4EB9-8D2B-245B3C0EC3A2}.Release|arm64.ActiveCfg = Release|Any CPU
		{539E2176-3B37-4EB9-8D2B-245B3C0EC3A2}.Release|arm64.Build.0 = Release|Any CPU
		{539E2176-3B37-4EB9-8D2B-245B3C0EC3A2}.Release|x64.ActiveCfg = Release|Any CPU
		{539E2176-3B37-4EB9-8D2B-245B3C0EC3A2}.Release|x64.Build.0 = Release|Any CPU
		{539E2176-3B37-4EB9-8D2B-245B3C0EC3A2}.Release|x86.ActiveCfg = Release|Any CPU
		{539E2176-3B37-4EB9-8D2B-245B3C0EC3A2}.Release|x86.Build.0 = Release|Any CPU
	EndGlobalSection
	GlobalSection(SolutionProperties) = preSolution
		HideSolutionNode = FALSE
	EndGlobalSection
	GlobalSection(NestedProjects) = preSolution
		{C4AE1521-6A28-46C7-A034-3703D0F6E687} = {72BCD34B-41A2-4966-865A-D60FDF3E42F9}
		{6BFADD0E-107F-4CFA-8CC6-14FA8D3C4432} = {1850820E-4D10-477A-8997-62952495008A}
		{62F5BE50-09F1-4767-9E28-9CEFB967B187} = {72BCD34B-41A2-4966-865A-D60FDF3E42F9}
		{A4AE215F-B6A9-42E6-A7BC-9E140A99202A} = {1850820E-4D10-477A-8997-62952495008A}
		{F1FA10B1-A4F1-42E2-A9D5-530FF8869339} = {1850820E-4D10-477A-8997-62952495008A}
		{68987A3A-465E-4035-855B-49FD07431B85} = {1850820E-4D10-477A-8997-62952495008A}
		{F0D0EEB9-928B-48B9-9AA7-550FB8B6260C} = {9F335A32-7065-4F6E-ADB8-250A52F0E7E7}
		{EFBA4427-1311-4B63-A286-FAB2574D2D18} = {9F335A32-7065-4F6E-ADB8-250A52F0E7E7}
		{D68C509F-3B27-4909-B0EF-82EB274E0037} = {1850820E-4D10-477A-8997-62952495008A}
		{44CD05F0-12EB-4934-8038-484B15D80283} = {1850820E-4D10-477A-8997-62952495008A}
		{1A9F18CD-EEA3-4363-87BA-523B7D67F8F1} = {C153A50E-4138-467A-AD58-A53D89C14A5B}
		{22EB440A-96A4-41D5-90AC-A5CD9D09CB7A} = {C153A50E-4138-467A-AD58-A53D89C14A5B}
		{5D2E1729-8E9E-41E2-B8EF-02E500AEEB3E} = {C153A50E-4138-467A-AD58-A53D89C14A5B}
		{539E2176-3B37-4EB9-8D2B-245B3C0EC3A2} = {C153A50E-4138-467A-AD58-A53D89C14A5B}
	EndGlobalSection
	GlobalSection(ExtensibilityGlobals) = postSolution
		SolutionGuid = {9E012D12-F476-4BB0-AE43-1CC0477DCADA}
	EndGlobalSection
EndGlobal
